// !$*UTF8*$!
{
	archiveVersion = 1;
	classes = {
	};
	objectVersion = 46;
	objects = {

/* Begin PBXBuildFile section */
		0AAC41B03ACA45D2B1CD5BB0 /* libPods.a in Frameworks */ = {isa = PBXBuildFile; fileRef = 347CED1860724CA9AAE54326 /* libPods.a */; };
		68BAFEB0188DDBD3009738A0 /* Foundation.framework in Frameworks */ = {isa = PBXBuildFile; fileRef = 68BAFEAF188DDBD3009738A0 /* Foundation.framework */; };
		68BAFEB2188DDBD3009738A0 /* CoreGraphics.framework in Frameworks */ = {isa = PBXBuildFile; fileRef = 68BAFEB1188DDBD3009738A0 /* CoreGraphics.framework */; };
		68BAFEB4188DDBD3009738A0 /* UIKit.framework in Frameworks */ = {isa = PBXBuildFile; fileRef = 68BAFEB3188DDBD3009738A0 /* UIKit.framework */; };
		68BAFEBA188DDBD3009738A0 /* InfoPlist.strings in Resources */ = {isa = PBXBuildFile; fileRef = 68BAFEB8188DDBD3009738A0 /* InfoPlist.strings */; };
		68BAFEBC188DDBD3009738A0 /* main.m in Sources */ = {isa = PBXBuildFile; fileRef = 68BAFEBB188DDBD3009738A0 /* main.m */; };
		68BAFEC0188DDBD3009738A0 /* AppDelegate.m in Sources */ = {isa = PBXBuildFile; fileRef = 68BAFEBF188DDBD3009738A0 /* AppDelegate.m */; };
		68BAFEC3188DDBD3009738A0 /* Main.storyboard in Resources */ = {isa = PBXBuildFile; fileRef = 68BAFEC1188DDBD3009738A0 /* Main.storyboard */; };
		68BAFEC6188DDBD3009738A0 /* LoginViewController.m in Sources */ = {isa = PBXBuildFile; fileRef = 68BAFEC5188DDBD3009738A0 /* LoginViewController.m */; };
		68BAFEC8188DDBD3009738A0 /* Images.xcassets in Resources */ = {isa = PBXBuildFile; fileRef = 68BAFEC7188DDBD3009738A0 /* Images.xcassets */; };
		F4266D3D18B52D6600A46BB1 /* GoogleAuthenticator.m in Sources */ = {isa = PBXBuildFile; fileRef = F4266D3C18B52D6600A46BB1 /* GoogleAuthenticator.m */; };
		F4266D9E18B5A87900A46BB1 /* STPCard.m in Sources */ = {isa = PBXBuildFile; fileRef = F4266D4118B5A87900A46BB1 /* STPCard.m */; };
		F4266D9F18B5A87900A46BB1 /* STPToken.m in Sources */ = {isa = PBXBuildFile; fileRef = F4266D4318B5A87900A46BB1 /* STPToken.m */; };
		F4266DA118B5A87900A46BB1 /* Stripe.m in Sources */ = {isa = PBXBuildFile; fileRef = F4266D4818B5A87900A46BB1 /* Stripe.m */; };
		F4266DA218B5A87900A46BB1 /* StripeError.m in Sources */ = {isa = PBXBuildFile; fileRef = F4266D4A18B5A87900A46BB1 /* StripeError.m */; };
		F4266DD518B5A87900A46BB1 /* VERSION in Resources */ = {isa = PBXBuildFile; fileRef = F4266D9D18B5A87900A46BB1 /* VERSION */; };
		F4266DDC18B5C00300A46BB1 /* PaymentViewController.m in Sources */ = {isa = PBXBuildFile; fileRef = F4EB918718AA11FD00C57BF2 /* PaymentViewController.m */; };
		F42773EE18FE353A003AE6AD /* HelpMenuViewController.m in Sources */ = {isa = PBXBuildFile; fileRef = F42773ED18FE353A003AE6AD /* HelpMenuViewController.m */; };
		F451B6C118B18CE700CF59BA /* StowawayServerCommunicator.m in Sources */ = {isa = PBXBuildFile; fileRef = F451B6C018B18CE700CF59BA /* StowawayServerCommunicator.m */; };
		F451B6C718B3333400CF59BA /* StowawayConstants.m in Sources */ = {isa = PBXBuildFile; fileRef = F451B6C618B3333400CF59BA /* StowawayConstants.m */; };
		F460823118F5142800E3F059 /* SWRevealViewController.m in Sources */ = {isa = PBXBuildFile; fileRef = F460823018F5142800E3F059 /* SWRevealViewController.m */; };
		F460823418F515DE00E3F059 /* MenuTableViewController.m in Sources */ = {isa = PBXBuildFile; fileRef = F460823318F515DE00E3F059 /* MenuTableViewController.m */; };
		F460823C18FA38E200E3F059 /* PageContentViewController.m in Sources */ = {isa = PBXBuildFile; fileRef = F460823B18FA38E200E3F059 /* PageContentViewController.m */; };
		F460824F18FA434A00E3F059 /* TutorialViewController.m in Sources */ = {isa = PBXBuildFile; fileRef = F460824E18FA434A00E3F059 /* TutorialViewController.m */; };
		F47A5E7618D00E2700182C0C /* MeetCrewViewController.m in Sources */ = {isa = PBXBuildFile; fileRef = F47A5E7518D00E2700182C0C /* MeetCrewViewController.m */; };
		F47C03F3190E207200F9916E /* wood-with-portholes_v3.png in Resources */ = {isa = PBXBuildFile; fileRef = F47C03F1190E207200F9916E /* wood-with-portholes_v3.png */; };
		F47C03F4190E207200F9916E /* wood-with-portholes_v3@2x.png in Resources */ = {isa = PBXBuildFile; fileRef = F47C03F2190E207200F9916E /* wood-with-portholes_v3@2x.png */; };
		F47C042B1919EAAC00F9916E /* left_new.png in Resources */ = {isa = PBXBuildFile; fileRef = F47C04231919EAAC00F9916E /* left_new.png */; };
		F47C042C1919EAAC00F9916E /* left_new@2x.png in Resources */ = {isa = PBXBuildFile; fileRef = F47C04241919EAAC00F9916E /* left_new@2x.png */; };
		F47C042D1919EAAC00F9916E /* minus_new.png in Resources */ = {isa = PBXBuildFile; fileRef = F47C04251919EAAC00F9916E /* minus_new.png */; };
		F47C042E1919EAAC00F9916E /* minus_new@2x.png in Resources */ = {isa = PBXBuildFile; fileRef = F47C04261919EAAC00F9916E /* minus_new@2x.png */; };
		F47C042F1919EAAC00F9916E /* plus_new.png in Resources */ = {isa = PBXBuildFile; fileRef = F47C04271919EAAC00F9916E /* plus_new.png */; };
		F47C04301919EAAC00F9916E /* plus_new@2x.png in Resources */ = {isa = PBXBuildFile; fileRef = F47C04281919EAAC00F9916E /* plus_new@2x.png */; };
		F47C04311919EAAC00F9916E /* right_new.png in Resources */ = {isa = PBXBuildFile; fileRef = F47C04291919EAAC00F9916E /* right_new.png */; };
		F47C04321919EAAC00F9916E /* right_new@2x.png in Resources */ = {isa = PBXBuildFile; fileRef = F47C042A1919EAAC00F9916E /* right_new@2x.png */; };
		F47C043D191A022C00F9916E /* from-to-v4.png in Resources */ = {isa = PBXBuildFile; fileRef = F47C043B191A022C00F9916E /* from-to-v4.png */; };
		F47C043E191A022C00F9916E /* from-to-v4@2x.png in Resources */ = {isa = PBXBuildFile; fileRef = F47C043C191A022C00F9916E /* from-to-v4@2x.png */; };
		F47CB6F118AAF84000FD8FB9 /* GTMHTTPFetcher.m in Sources */ = {isa = PBXBuildFile; fileRef = F47CB6C018AAF84000FD8FB9 /* GTMHTTPFetcher.m */; settings = {COMPILER_FLAGS = "-fno-objc-arc"; }; };
		F47CB70618AAF84000FD8FB9 /* GTMOAuth2Authentication.m in Sources */ = {isa = PBXBuildFile; fileRef = F47CB6E818AAF84000FD8FB9 /* GTMOAuth2Authentication.m */; settings = {COMPILER_FLAGS = "-fno-objc-arc"; }; };
		F47CB70718AAF84000FD8FB9 /* GTMOAuth2SignIn.m in Sources */ = {isa = PBXBuildFile; fileRef = F47CB6EA18AAF84000FD8FB9 /* GTMOAuth2SignIn.m */; settings = {COMPILER_FLAGS = "-fno-objc-arc"; }; };
		F47CB70818AAF84000FD8FB9 /* ReleaseNotes.txt in Resources */ = {isa = PBXBuildFile; fileRef = F47CB6EB18AAF84000FD8FB9 /* ReleaseNotes.txt */; };
		F47CB70918AAF84000FD8FB9 /* GTMOAuth2ViewControllerTouch.m in Sources */ = {isa = PBXBuildFile; fileRef = F47CB6EE18AAF84000FD8FB9 /* GTMOAuth2ViewControllerTouch.m */; settings = {COMPILER_FLAGS = "-fno-objc-arc"; }; };
		F47CB70A18AAF84000FD8FB9 /* GTMOAuth2ViewTouch.xib in Resources */ = {isa = PBXBuildFile; fileRef = F47CB6EF18AAF84000FD8FB9 /* GTMOAuth2ViewTouch.xib */; };
		F47CB71F18AB566E00FD8FB9 /* ReceiptEmailViewController.m in Sources */ = {isa = PBXBuildFile; fileRef = F4EB90E718A9EC5900C57BF2 /* ReceiptEmailViewController.m */; };
		F4A4EC1B1900E13E0087D438 /* ProfileMenuViewController.m in Sources */ = {isa = PBXBuildFile; fileRef = F4A4EC1A1900E13E0087D438 /* ProfileMenuViewController.m */; };
		F4A4EC1E1900EB690087D438 /* PaymentMenuViewController.m in Sources */ = {isa = PBXBuildFile; fileRef = F4A4EC1D1900EB690087D438 /* PaymentMenuViewController.m */; };
		F4A4EC211900EB970087D438 /* LinkReceiptsMenuViewController.m in Sources */ = {isa = PBXBuildFile; fileRef = F4A4EC201900EB970087D438 /* LinkReceiptsMenuViewController.m */; };
		F4A4EC241900EBB20087D438 /* RideCreditsMenuViewController.m in Sources */ = {isa = PBXBuildFile; fileRef = F4A4EC231900EBB20087D438 /* RideCreditsMenuViewController.m */; };
		F4C7B36B18E5CBA900B4D9D8 /* Reachability.m in Sources */ = {isa = PBXBuildFile; fileRef = F4D65A5818D547A200FAF3D0 /* Reachability.m */; };
		F4CB1F5818BC4BEC00A404D0 /* TermsAndAgreementsViewController.m in Sources */ = {isa = PBXBuildFile; fileRef = F4CB1F5718BC4BEC00A404D0 /* TermsAndAgreementsViewController.m */; };
		F4CB1F5A18BC5BC300A404D0 /* MapKit.framework in Frameworks */ = {isa = PBXBuildFile; fileRef = F4CB1F5918BC5BC300A404D0 /* MapKit.framework */; };
		F4CB1F6018BC634A00A404D0 /* EnterPickupDropOffViewController.m in Sources */ = {isa = PBXBuildFile; fileRef = F4CB1F5F18BC634900A404D0 /* EnterPickupDropOffViewController.m */; };
		F4CB1F6218BC759600A404D0 /* CoreLocation.framework in Frameworks */ = {isa = PBXBuildFile; fileRef = F4CB1F6118BC759600A404D0 /* CoreLocation.framework */; };
		F4CB1F6318BDAEA600A404D0 /* QuartzCore.framework in Frameworks */ = {isa = PBXBuildFile; fileRef = F4EB918418AA11B700C57BF2 /* QuartzCore.framework */; };
		F4CB1F6618C31BF200A404D0 /* FindingCrewViewController.m in Sources */ = {isa = PBXBuildFile; fileRef = F4CB1F6518C31BF200A404D0 /* FindingCrewViewController.m */; };
		F4CB1F6918C3214500A404D0 /* CountdownTimer.m in Sources */ = {isa = PBXBuildFile; fileRef = F4CB1F6818C3214500A404D0 /* CountdownTimer.m */; };
		F4CB1FA718C7F35C00A404D0 /* CFNetwork.framework in Frameworks */ = {isa = PBXBuildFile; fileRef = F4CB1FA618C7F35C00A404D0 /* CFNetwork.framework */; };
		F4CB1FA918C7F4BA00A404D0 /* libicucore.dylib in Frameworks */ = {isa = PBXBuildFile; fileRef = F4CB1FA818C7F4BA00A404D0 /* libicucore.dylib */; };
		F4D65A5918D547A200FAF3D0 /* LICENCE.txt in Resources */ = {isa = PBXBuildFile; fileRef = F4D65A5618D547A200FAF3D0 /* LICENCE.txt */; };
		F4D65A5D18D805DE00FAF3D0 /* MeetCrewMapViewManager.m in Sources */ = {isa = PBXBuildFile; fileRef = F4D65A5C18D805DE00FAF3D0 /* MeetCrewMapViewManager.m */; };
		F4EB90E418A8321700C57BF2 /* FacebookSDK.framework in Frameworks */ = {isa = PBXBuildFile; fileRef = F4EB90E218A831DB00C57BF2 /* FacebookSDK.framework */; };
		F4EB920918AAF5D800C57BF2 /* Security.framework in Frameworks */ = {isa = PBXBuildFile; fileRef = F4EB920818AAF5D800C57BF2 /* Security.framework */; };
		F4EB920B18AAF5E000C57BF2 /* SystemConfiguration.framework in Frameworks */ = {isa = PBXBuildFile; fileRef = F4EB920A18AAF5E000C57BF2 /* SystemConfiguration.framework */; };
		F4EEE6841904C53F00A20886 /* UberSettingsGuideViewController.m in Sources */ = {isa = PBXBuildFile; fileRef = F4EEE6831904C53F00A20886 /* UberSettingsGuideViewController.m */; };
		F4EEE6E819062B3900A20886 /* 1.png in Resources */ = {isa = PBXBuildFile; fileRef = F4EEE69819062B3900A20886 /* 1.png */; };
		F4EEE6E919062B3900A20886 /* 10.png in Resources */ = {isa = PBXBuildFile; fileRef = F4EEE69919062B3900A20886 /* 10.png */; };
		F4EEE6EA19062B3900A20886 /* 10@2x.png in Resources */ = {isa = PBXBuildFile; fileRef = F4EEE69A19062B3900A20886 /* 10@2x.png */; };
		F4EEE6EB19062B3900A20886 /* 11.png in Resources */ = {isa = PBXBuildFile; fileRef = F4EEE69B19062B3900A20886 /* 11.png */; };
		F4EEE6EC19062B3900A20886 /* 11@2x.png in Resources */ = {isa = PBXBuildFile; fileRef = F4EEE69C19062B3900A20886 /* 11@2x.png */; };
		F4EEE6ED19062B3900A20886 /* 12.png in Resources */ = {isa = PBXBuildFile; fileRef = F4EEE69D19062B3900A20886 /* 12.png */; };
		F4EEE6EE19062B3900A20886 /* 12@2x.png in Resources */ = {isa = PBXBuildFile; fileRef = F4EEE69E19062B3900A20886 /* 12@2x.png */; };
		F4EEE6EF19062B3900A20886 /* 13.png in Resources */ = {isa = PBXBuildFile; fileRef = F4EEE69F19062B3900A20886 /* 13.png */; };
		F4EEE6F019062B3900A20886 /* 13@2x.png in Resources */ = {isa = PBXBuildFile; fileRef = F4EEE6A019062B3900A20886 /* 13@2x.png */; };
		F4EEE6F119062B3900A20886 /* 14.png in Resources */ = {isa = PBXBuildFile; fileRef = F4EEE6A119062B3900A20886 /* 14.png */; };
		F4EEE6F219062B3900A20886 /* 14@2x.png in Resources */ = {isa = PBXBuildFile; fileRef = F4EEE6A219062B3900A20886 /* 14@2x.png */; };
		F4EEE6F319062B3900A20886 /* 15.png in Resources */ = {isa = PBXBuildFile; fileRef = F4EEE6A319062B3900A20886 /* 15.png */; };
		F4EEE6F419062B3900A20886 /* 15@2x.png in Resources */ = {isa = PBXBuildFile; fileRef = F4EEE6A419062B3900A20886 /* 15@2x.png */; };
		F4EEE6F519062B3900A20886 /* 16.png in Resources */ = {isa = PBXBuildFile; fileRef = F4EEE6A519062B3900A20886 /* 16.png */; };
		F4EEE6F619062B3900A20886 /* 16@2x.png in Resources */ = {isa = PBXBuildFile; fileRef = F4EEE6A619062B3900A20886 /* 16@2x.png */; };
		F4EEE6F719062B3900A20886 /* 1@2x.png in Resources */ = {isa = PBXBuildFile; fileRef = F4EEE6A719062B3900A20886 /* 1@2x.png */; };
		F4EEE6F819062B3900A20886 /* 2.png in Resources */ = {isa = PBXBuildFile; fileRef = F4EEE6A819062B3900A20886 /* 2.png */; };
		F4EEE6F919062B3900A20886 /* 2@2x.png in Resources */ = {isa = PBXBuildFile; fileRef = F4EEE6A919062B3900A20886 /* 2@2x.png */; };
		F4EEE6FA19062B3900A20886 /* 3.png in Resources */ = {isa = PBXBuildFile; fileRef = F4EEE6AA19062B3900A20886 /* 3.png */; };
		F4EEE6FB19062B3900A20886 /* 3@2x.png in Resources */ = {isa = PBXBuildFile; fileRef = F4EEE6AB19062B3900A20886 /* 3@2x.png */; };
		F4EEE6FC19062B3900A20886 /* 4.png in Resources */ = {isa = PBXBuildFile; fileRef = F4EEE6AC19062B3900A20886 /* 4.png */; };
		F4EEE6FD19062B3900A20886 /* 4@2x.png in Resources */ = {isa = PBXBuildFile; fileRef = F4EEE6AD19062B3900A20886 /* 4@2x.png */; };
		F4EEE6FE19062B3900A20886 /* 5.png in Resources */ = {isa = PBXBuildFile; fileRef = F4EEE6AE19062B3900A20886 /* 5.png */; };
		F4EEE6FF19062B3900A20886 /* 5@2x.png in Resources */ = {isa = PBXBuildFile; fileRef = F4EEE6AF19062B3900A20886 /* 5@2x.png */; };
		F4EEE70019062B3900A20886 /* 6.png in Resources */ = {isa = PBXBuildFile; fileRef = F4EEE6B019062B3900A20886 /* 6.png */; };
		F4EEE70119062B3900A20886 /* 6@2x.png in Resources */ = {isa = PBXBuildFile; fileRef = F4EEE6B119062B3900A20886 /* 6@2x.png */; };
		F4EEE70219062B3900A20886 /* 7.png in Resources */ = {isa = PBXBuildFile; fileRef = F4EEE6B219062B3900A20886 /* 7.png */; };
		F4EEE70319062B3900A20886 /* 7@2x.png in Resources */ = {isa = PBXBuildFile; fileRef = F4EEE6B319062B3900A20886 /* 7@2x.png */; };
		F4EEE70419062B3900A20886 /* 8.png in Resources */ = {isa = PBXBuildFile; fileRef = F4EEE6B419062B3900A20886 /* 8.png */; };
		F4EEE70519062B3900A20886 /* 8@2x.png in Resources */ = {isa = PBXBuildFile; fileRef = F4EEE6B519062B3900A20886 /* 8@2x.png */; };
		F4EEE70619062B3900A20886 /* 9.png in Resources */ = {isa = PBXBuildFile; fileRef = F4EEE6B619062B3900A20886 /* 9.png */; };
		F4EEE70719062B3900A20886 /* 9@2x.png in Resources */ = {isa = PBXBuildFile; fileRef = F4EEE6B719062B3900A20886 /* 9@2x.png */; };
		F4EEE70A19062B3900A20886 /* action_required.wav in Resources */ = {isa = PBXBuildFile; fileRef = F4EEE6BC19062B3900A20886 /* action_required.wav */; };
		F4EEE70B19062B3900A20886 /* ride_checkedin.wav in Resources */ = {isa = PBXBuildFile; fileRef = F4EEE6BD19062B3900A20886 /* ride_checkedin.wav */; };
		F4EEE70C19062B3900A20886 /* ride_matched.wav in Resources */ = {isa = PBXBuildFile; fileRef = F4EEE6BE19062B3900A20886 /* ride_matched.wav */; };
		F4EEE70D19062B3900A20886 /* ride_missed.wav in Resources */ = {isa = PBXBuildFile; fileRef = F4EEE6BF19062B3900A20886 /* ride_missed.wav */; };
		F4EEE70E19062B3900A20886 /* you-are-captain.wav in Resources */ = {isa = PBXBuildFile; fileRef = F4EEE6C019062B3900A20886 /* you-are-captain.wav */; };
		F4EEE70F19062B3900A20886 /* you-are-stowaway.wav in Resources */ = {isa = PBXBuildFile; fileRef = F4EEE6C119062B3900A20886 /* you-are-stowaway.wav */; };
		F4EEE71019062B3900A20886 /* 50.png in Resources */ = {isa = PBXBuildFile; fileRef = F4EEE6C319062B3900A20886 /* 50.png */; };
		F4EEE71119062B3900A20886 /* 50@2x.png in Resources */ = {isa = PBXBuildFile; fileRef = F4EEE6C419062B3900A20886 /* 50@2x.png */; };
		F4EEE71219062B3900A20886 /* off.png in Resources */ = {isa = PBXBuildFile; fileRef = F4EEE6C519062B3900A20886 /* off.png */; };
		F4EEE71319062B3900A20886 /* off@2x.png in Resources */ = {isa = PBXBuildFile; fileRef = F4EEE6C619062B3900A20886 /* off@2x.png */; };
		F4EEE71419062B3900A20886 /* percent.png in Resources */ = {isa = PBXBuildFile; fileRef = F4EEE6C719062B3900A20886 /* percent.png */; };
		F4EEE71519062B3900A20886 /* percent@2x.png in Resources */ = {isa = PBXBuildFile; fileRef = F4EEE6C819062B3900A20886 /* percent@2x.png */; };
		F4EEE71619062B3900A20886 /* credit-card.png in Resources */ = {isa = PBXBuildFile; fileRef = F4EEE6CA19062B3900A20886 /* credit-card.png */; };
		F4EEE71719062B3900A20886 /* credit-card@2x.png in Resources */ = {isa = PBXBuildFile; fileRef = F4EEE6CB19062B3900A20886 /* credit-card@2x.png */; };
		F4EEE71819062B3900A20886 /* footer.png in Resources */ = {isa = PBXBuildFile; fileRef = F4EEE6CC19062B3900A20886 /* footer.png */; };
		F4EEE71919062B3900A20886 /* footer@2x.png in Resources */ = {isa = PBXBuildFile; fileRef = F4EEE6CD19062B3900A20886 /* footer@2x.png */; };
		F4EEE71A19062B3900A20886 /* help.png in Resources */ = {isa = PBXBuildFile; fileRef = F4EEE6CE19062B3900A20886 /* help.png */; };
		F4EEE71B19062B3900A20886 /* help@2x.png in Resources */ = {isa = PBXBuildFile; fileRef = F4EEE6CF19062B3900A20886 /* help@2x.png */; };
		F4EEE71C19062B3900A20886 /* Icon.png in Resources */ = {isa = PBXBuildFile; fileRef = F4EEE6D019062B3900A20886 /* Icon.png */; };
		F4EEE71D19062B3900A20886 /* Icon@2x.png in Resources */ = {isa = PBXBuildFile; fileRef = F4EEE6D119062B3900A20886 /* Icon@2x.png */; };
		F4EEE71E19062B3900A20886 /* profile.png in Resources */ = {isa = PBXBuildFile; fileRef = F4EEE6D219062B3900A20886 /* profile.png */; };
		F4EEE71F19062B3900A20886 /* profile@2x.png in Resources */ = {isa = PBXBuildFile; fileRef = F4EEE6D319062B3900A20886 /* profile@2x.png */; };
		F4EEE72019062B3900A20886 /* receipt.png in Resources */ = {isa = PBXBuildFile; fileRef = F4EEE6D419062B3900A20886 /* receipt.png */; };
		F4EEE72119062B3900A20886 /* receipt@2x.png in Resources */ = {isa = PBXBuildFile; fileRef = F4EEE6D519062B3900A20886 /* receipt@2x.png */; };
		F4EEE72219062B3900A20886 /* reveal-icon.png in Resources */ = {isa = PBXBuildFile; fileRef = F4EEE6D619062B3900A20886 /* reveal-icon.png */; };
		F4EEE72319062B3900A20886 /* reveal-icon@2x.png in Resources */ = {isa = PBXBuildFile; fileRef = F4EEE6D719062B3900A20886 /* reveal-icon@2x.png */; };
		F4EEE72419062B3900A20886 /* ride_credits.png in Resources */ = {isa = PBXBuildFile; fileRef = F4EEE6D819062B3900A20886 /* ride_credits.png */; };
		F4EEE72519062B3900A20886 /* ride_credits@2x.png in Resources */ = {isa = PBXBuildFile; fileRef = F4EEE6D919062B3900A20886 /* ride_credits@2x.png */; };
		F4EEE72619062B3900A20886 /* find-crew-wood.png in Resources */ = {isa = PBXBuildFile; fileRef = F4EEE6DB19062B3900A20886 /* find-crew-wood.png */; };
		F4EEE72719062B3900A20886 /* find-crew-wood@2x.png in Resources */ = {isa = PBXBuildFile; fileRef = F4EEE6DC19062B3900A20886 /* find-crew-wood@2x.png */; };
		F4EEE72A19062B3900A20886 /* tutorial_1.png in Resources */ = {isa = PBXBuildFile; fileRef = F4EEE6E019062B3900A20886 /* tutorial_1.png */; };
		F4EEE72B19062B3900A20886 /* tutorial_1@2x.png in Resources */ = {isa = PBXBuildFile; fileRef = F4EEE6E119062B3900A20886 /* tutorial_1@2x.png */; };
		F4EEE72C19062B3900A20886 /* tutorial_2.png in Resources */ = {isa = PBXBuildFile; fileRef = F4EEE6E219062B3900A20886 /* tutorial_2.png */; };
		F4EEE72D19062B3900A20886 /* tutorial_2@2x.png in Resources */ = {isa = PBXBuildFile; fileRef = F4EEE6E319062B3900A20886 /* tutorial_2@2x.png */; };
		F4EEE72E19062B3900A20886 /* tutorial_3.png in Resources */ = {isa = PBXBuildFile; fileRef = F4EEE6E419062B3900A20886 /* tutorial_3.png */; };
		F4EEE72F19062B3900A20886 /* tutorial_3@2x.png in Resources */ = {isa = PBXBuildFile; fileRef = F4EEE6E519062B3900A20886 /* tutorial_3@2x.png */; };
		F4EEE73019062B3900A20886 /* tutorial_4.png in Resources */ = {isa = PBXBuildFile; fileRef = F4EEE6E619062B3900A20886 /* tutorial_4.png */; };
		F4EEE73119062B3900A20886 /* tutorial_4@2x.png in Resources */ = {isa = PBXBuildFile; fileRef = F4EEE6E719062B3900A20886 /* tutorial_4@2x.png */; };
		F4EEE7351906339500A20886 /* check-mark-256.png in Resources */ = {isa = PBXBuildFile; fileRef = F4EEE7331906339500A20886 /* check-mark-256.png */; };
		F4EEE7361906339500A20886 /* cross-mark-256.png in Resources */ = {isa = PBXBuildFile; fileRef = F4EEE7341906339500A20886 /* cross-mark-256.png */; };
/* End PBXBuildFile section */

/* Begin PBXFileReference section */
		347CED1860724CA9AAE54326 /* libPods.a */ = {isa = PBXFileReference; explicitFileType = archive.ar; includeInIndex = 0; path = libPods.a; sourceTree = BUILT_PRODUCTS_DIR; };
		68BAFEAC188DDBD3009738A0 /* Stowaway.app */ = {isa = PBXFileReference; explicitFileType = wrapper.application; includeInIndex = 0; path = Stowaway.app; sourceTree = BUILT_PRODUCTS_DIR; };
		68BAFEAF188DDBD3009738A0 /* Foundation.framework */ = {isa = PBXFileReference; lastKnownFileType = wrapper.framework; name = Foundation.framework; path = System/Library/Frameworks/Foundation.framework; sourceTree = SDKROOT; };
		68BAFEB1188DDBD3009738A0 /* CoreGraphics.framework */ = {isa = PBXFileReference; lastKnownFileType = wrapper.framework; name = CoreGraphics.framework; path = System/Library/Frameworks/CoreGraphics.framework; sourceTree = SDKROOT; };
		68BAFEB3188DDBD3009738A0 /* UIKit.framework */ = {isa = PBXFileReference; lastKnownFileType = wrapper.framework; name = UIKit.framework; path = System/Library/Frameworks/UIKit.framework; sourceTree = SDKROOT; };
		68BAFEB7188DDBD3009738A0 /* StowAway-Info.plist */ = {isa = PBXFileReference; lastKnownFileType = text.plist.xml; path = "StowAway-Info.plist"; sourceTree = "<group>"; };
		68BAFEB9188DDBD3009738A0 /* en */ = {isa = PBXFileReference; lastKnownFileType = text.plist.strings; name = en; path = en.lproj/InfoPlist.strings; sourceTree = "<group>"; };
		68BAFEBB188DDBD3009738A0 /* main.m */ = {isa = PBXFileReference; lastKnownFileType = sourcecode.c.objc; path = main.m; sourceTree = "<group>"; };
		68BAFEBD188DDBD3009738A0 /* StowAway-Prefix.pch */ = {isa = PBXFileReference; lastKnownFileType = sourcecode.c.h; path = "StowAway-Prefix.pch"; sourceTree = "<group>"; };
		68BAFEBE188DDBD3009738A0 /* AppDelegate.h */ = {isa = PBXFileReference; lastKnownFileType = sourcecode.c.h; path = AppDelegate.h; sourceTree = "<group>"; };
		68BAFEBF188DDBD3009738A0 /* AppDelegate.m */ = {isa = PBXFileReference; lastKnownFileType = sourcecode.c.objc; path = AppDelegate.m; sourceTree = "<group>"; };
		68BAFEC2188DDBD3009738A0 /* Base */ = {isa = PBXFileReference; lastKnownFileType = file.storyboard; name = Base; path = Base.lproj/Main.storyboard; sourceTree = "<group>"; };
		68BAFEC4188DDBD3009738A0 /* LoginViewController.h */ = {isa = PBXFileReference; lastKnownFileType = sourcecode.c.h; path = LoginViewController.h; sourceTree = "<group>"; };
		68BAFEC5188DDBD3009738A0 /* LoginViewController.m */ = {isa = PBXFileReference; lastKnownFileType = sourcecode.c.objc; path = LoginViewController.m; sourceTree = "<group>"; };
		68BAFEC7188DDBD3009738A0 /* Images.xcassets */ = {isa = PBXFileReference; lastKnownFileType = folder.assetcatalog; path = Images.xcassets; sourceTree = "<group>"; };
		68BAFECE188DDBD3009738A0 /* XCTest.framework */ = {isa = PBXFileReference; lastKnownFileType = wrapper.framework; name = XCTest.framework; path = Library/Frameworks/XCTest.framework; sourceTree = DEVELOPER_DIR; };
		EBB5AAE28C6C411786386FFA /* Pods.xcconfig */ = {isa = PBXFileReference; includeInIndex = 1; lastKnownFileType = text.xcconfig; name = Pods.xcconfig; path = Pods/Pods.xcconfig; sourceTree = "<group>"; };
		F4266D3B18B52D6600A46BB1 /* GoogleAuthenticator.h */ = {isa = PBXFileReference; fileEncoding = 4; lastKnownFileType = sourcecode.c.h; path = GoogleAuthenticator.h; sourceTree = "<group>"; };
		F4266D3C18B52D6600A46BB1 /* GoogleAuthenticator.m */ = {isa = PBXFileReference; fileEncoding = 4; lastKnownFileType = sourcecode.c.objc; path = GoogleAuthenticator.m; sourceTree = "<group>"; };
		F4266D4018B5A87800A46BB1 /* STPCard.h */ = {isa = PBXFileReference; fileEncoding = 4; lastKnownFileType = sourcecode.c.h; path = STPCard.h; sourceTree = "<group>"; };
		F4266D4118B5A87900A46BB1 /* STPCard.m */ = {isa = PBXFileReference; fileEncoding = 4; lastKnownFileType = sourcecode.c.objc; path = STPCard.m; sourceTree = "<group>"; };
		F4266D4218B5A87900A46BB1 /* STPToken.h */ = {isa = PBXFileReference; fileEncoding = 4; lastKnownFileType = sourcecode.c.h; path = STPToken.h; sourceTree = "<group>"; };
		F4266D4318B5A87900A46BB1 /* STPToken.m */ = {isa = PBXFileReference; fileEncoding = 4; lastKnownFileType = sourcecode.c.objc; path = STPToken.m; sourceTree = "<group>"; };
		F4266D4618B5A87900A46BB1 /* Stripe-Prefix.pch */ = {isa = PBXFileReference; fileEncoding = 4; lastKnownFileType = sourcecode.c.h; path = "Stripe-Prefix.pch"; sourceTree = "<group>"; };
		F4266D4718B5A87900A46BB1 /* Stripe.h */ = {isa = PBXFileReference; fileEncoding = 4; lastKnownFileType = sourcecode.c.h; path = Stripe.h; sourceTree = "<group>"; };
		F4266D4818B5A87900A46BB1 /* Stripe.m */ = {isa = PBXFileReference; fileEncoding = 4; lastKnownFileType = sourcecode.c.objc; path = Stripe.m; sourceTree = "<group>"; };
		F4266D4918B5A87900A46BB1 /* StripeError.h */ = {isa = PBXFileReference; fileEncoding = 4; lastKnownFileType = sourcecode.c.h; path = StripeError.h; sourceTree = "<group>"; };
		F4266D4A18B5A87900A46BB1 /* StripeError.m */ = {isa = PBXFileReference; fileEncoding = 4; lastKnownFileType = sourcecode.c.objc; path = StripeError.m; sourceTree = "<group>"; };
		F4266D9D18B5A87900A46BB1 /* VERSION */ = {isa = PBXFileReference; fileEncoding = 4; lastKnownFileType = text; path = VERSION; sourceTree = "<group>"; };
		F42773EC18FE353A003AE6AD /* HelpMenuViewController.h */ = {isa = PBXFileReference; fileEncoding = 4; lastKnownFileType = sourcecode.c.h; path = HelpMenuViewController.h; sourceTree = "<group>"; };
		F42773ED18FE353A003AE6AD /* HelpMenuViewController.m */ = {isa = PBXFileReference; fileEncoding = 4; lastKnownFileType = sourcecode.c.objc; path = HelpMenuViewController.m; sourceTree = "<group>"; };
		F451B6BF18B18CE700CF59BA /* StowawayServerCommunicator.h */ = {isa = PBXFileReference; fileEncoding = 4; lastKnownFileType = sourcecode.c.h; path = StowawayServerCommunicator.h; sourceTree = "<group>"; };
		F451B6C018B18CE700CF59BA /* StowawayServerCommunicator.m */ = {isa = PBXFileReference; fileEncoding = 4; lastKnownFileType = sourcecode.c.objc; path = StowawayServerCommunicator.m; sourceTree = "<group>"; };
		F451B6C518B3333400CF59BA /* StowawayConstants.h */ = {isa = PBXFileReference; fileEncoding = 4; lastKnownFileType = sourcecode.c.h; path = StowawayConstants.h; sourceTree = "<group>"; };
		F451B6C618B3333400CF59BA /* StowawayConstants.m */ = {isa = PBXFileReference; fileEncoding = 4; lastKnownFileType = sourcecode.c.objc; path = StowawayConstants.m; sourceTree = "<group>"; };
		F460822F18F5142800E3F059 /* SWRevealViewController.h */ = {isa = PBXFileReference; fileEncoding = 4; lastKnownFileType = sourcecode.c.h; path = SWRevealViewController.h; sourceTree = "<group>"; };
		F460823018F5142800E3F059 /* SWRevealViewController.m */ = {isa = PBXFileReference; fileEncoding = 4; lastKnownFileType = sourcecode.c.objc; path = SWRevealViewController.m; sourceTree = "<group>"; };
		F460823218F515DE00E3F059 /* MenuTableViewController.h */ = {isa = PBXFileReference; fileEncoding = 4; lastKnownFileType = sourcecode.c.h; path = MenuTableViewController.h; sourceTree = "<group>"; };
		F460823318F515DE00E3F059 /* MenuTableViewController.m */ = {isa = PBXFileReference; fileEncoding = 4; lastKnownFileType = sourcecode.c.objc; path = MenuTableViewController.m; sourceTree = "<group>"; };
		F460823A18FA38E200E3F059 /* PageContentViewController.h */ = {isa = PBXFileReference; fileEncoding = 4; lastKnownFileType = sourcecode.c.h; path = PageContentViewController.h; sourceTree = "<group>"; };
		F460823B18FA38E200E3F059 /* PageContentViewController.m */ = {isa = PBXFileReference; fileEncoding = 4; lastKnownFileType = sourcecode.c.objc; path = PageContentViewController.m; sourceTree = "<group>"; };
		F460824D18FA434A00E3F059 /* TutorialViewController.h */ = {isa = PBXFileReference; fileEncoding = 4; lastKnownFileType = sourcecode.c.h; path = TutorialViewController.h; sourceTree = "<group>"; };
		F460824E18FA434A00E3F059 /* TutorialViewController.m */ = {isa = PBXFileReference; fileEncoding = 4; lastKnownFileType = sourcecode.c.objc; path = TutorialViewController.m; sourceTree = "<group>"; };
		F47A5E7418D00E2600182C0C /* MeetCrewViewController.h */ = {isa = PBXFileReference; fileEncoding = 4; lastKnownFileType = sourcecode.c.h; path = MeetCrewViewController.h; sourceTree = "<group>"; };
		F47A5E7518D00E2700182C0C /* MeetCrewViewController.m */ = {isa = PBXFileReference; fileEncoding = 4; lastKnownFileType = sourcecode.c.objc; path = MeetCrewViewController.m; sourceTree = "<group>"; };
		F47C03F1190E207200F9916E /* wood-with-portholes_v3.png */ = {isa = PBXFileReference; lastKnownFileType = image.png; path = "wood-with-portholes_v3.png"; sourceTree = "<group>"; };
		F47C03F2190E207200F9916E /* wood-with-portholes_v3@2x.png */ = {isa = PBXFileReference; lastKnownFileType = image.png; path = "wood-with-portholes_v3@2x.png"; sourceTree = "<group>"; };
		F47C04231919EAAC00F9916E /* left_new.png */ = {isa = PBXFileReference; lastKnownFileType = image.png; path = left_new.png; sourceTree = "<group>"; };
		F47C04241919EAAC00F9916E /* left_new@2x.png */ = {isa = PBXFileReference; lastKnownFileType = image.png; path = "left_new@2x.png"; sourceTree = "<group>"; };
		F47C04251919EAAC00F9916E /* minus_new.png */ = {isa = PBXFileReference; lastKnownFileType = image.png; path = minus_new.png; sourceTree = "<group>"; };
		F47C04261919EAAC00F9916E /* minus_new@2x.png */ = {isa = PBXFileReference; lastKnownFileType = image.png; path = "minus_new@2x.png"; sourceTree = "<group>"; };
		F47C04271919EAAC00F9916E /* plus_new.png */ = {isa = PBXFileReference; lastKnownFileType = image.png; path = plus_new.png; sourceTree = "<group>"; };
		F47C04281919EAAC00F9916E /* plus_new@2x.png */ = {isa = PBXFileReference; lastKnownFileType = image.png; path = "plus_new@2x.png"; sourceTree = "<group>"; };
		F47C04291919EAAC00F9916E /* right_new.png */ = {isa = PBXFileReference; lastKnownFileType = image.png; path = right_new.png; sourceTree = "<group>"; };
		F47C042A1919EAAC00F9916E /* right_new@2x.png */ = {isa = PBXFileReference; lastKnownFileType = image.png; path = "right_new@2x.png"; sourceTree = "<group>"; };
		F47C043B191A022C00F9916E /* from-to-v4.png */ = {isa = PBXFileReference; lastKnownFileType = image.png; path = "from-to-v4.png"; sourceTree = "<group>"; };
		F47C043C191A022C00F9916E /* from-to-v4@2x.png */ = {isa = PBXFileReference; lastKnownFileType = image.png; path = "from-to-v4@2x.png"; sourceTree = "<group>"; };
		F47CB6BF18AAF84000FD8FB9 /* GTMHTTPFetcher.h */ = {isa = PBXFileReference; fileEncoding = 4; lastKnownFileType = sourcecode.c.h; path = GTMHTTPFetcher.h; sourceTree = "<group>"; };
		F47CB6C018AAF84000FD8FB9 /* GTMHTTPFetcher.m */ = {isa = PBXFileReference; fileEncoding = 4; lastKnownFileType = sourcecode.c.objc; path = GTMHTTPFetcher.m; sourceTree = "<group>"; };
		F47CB6E718AAF84000FD8FB9 /* GTMOAuth2Authentication.h */ = {isa = PBXFileReference; fileEncoding = 4; lastKnownFileType = sourcecode.c.h; path = GTMOAuth2Authentication.h; sourceTree = "<group>"; };
		F47CB6E818AAF84000FD8FB9 /* GTMOAuth2Authentication.m */ = {isa = PBXFileReference; fileEncoding = 4; lastKnownFileType = sourcecode.c.objc; path = GTMOAuth2Authentication.m; sourceTree = "<group>"; };
		F47CB6E918AAF84000FD8FB9 /* GTMOAuth2SignIn.h */ = {isa = PBXFileReference; fileEncoding = 4; lastKnownFileType = sourcecode.c.h; path = GTMOAuth2SignIn.h; sourceTree = "<group>"; };
		F47CB6EA18AAF84000FD8FB9 /* GTMOAuth2SignIn.m */ = {isa = PBXFileReference; fileEncoding = 4; lastKnownFileType = sourcecode.c.objc; path = GTMOAuth2SignIn.m; sourceTree = "<group>"; };
		F47CB6EB18AAF84000FD8FB9 /* ReleaseNotes.txt */ = {isa = PBXFileReference; fileEncoding = 4; lastKnownFileType = text; path = ReleaseNotes.txt; sourceTree = "<group>"; };
		F47CB6ED18AAF84000FD8FB9 /* GTMOAuth2ViewControllerTouch.h */ = {isa = PBXFileReference; fileEncoding = 4; lastKnownFileType = sourcecode.c.h; path = GTMOAuth2ViewControllerTouch.h; sourceTree = "<group>"; };
		F47CB6EE18AAF84000FD8FB9 /* GTMOAuth2ViewControllerTouch.m */ = {isa = PBXFileReference; fileEncoding = 4; lastKnownFileType = sourcecode.c.objc; path = GTMOAuth2ViewControllerTouch.m; sourceTree = "<group>"; };
		F47CB6EF18AAF84000FD8FB9 /* GTMOAuth2ViewTouch.xib */ = {isa = PBXFileReference; fileEncoding = 4; lastKnownFileType = file.xib; path = GTMOAuth2ViewTouch.xib; sourceTree = "<group>"; };
		F4A4EC191900E13E0087D438 /* ProfileMenuViewController.h */ = {isa = PBXFileReference; fileEncoding = 4; lastKnownFileType = sourcecode.c.h; path = ProfileMenuViewController.h; sourceTree = "<group>"; };
		F4A4EC1A1900E13E0087D438 /* ProfileMenuViewController.m */ = {isa = PBXFileReference; fileEncoding = 4; lastKnownFileType = sourcecode.c.objc; path = ProfileMenuViewController.m; sourceTree = "<group>"; };
		F4A4EC1C1900EB690087D438 /* PaymentMenuViewController.h */ = {isa = PBXFileReference; fileEncoding = 4; lastKnownFileType = sourcecode.c.h; path = PaymentMenuViewController.h; sourceTree = "<group>"; };
		F4A4EC1D1900EB690087D438 /* PaymentMenuViewController.m */ = {isa = PBXFileReference; fileEncoding = 4; lastKnownFileType = sourcecode.c.objc; path = PaymentMenuViewController.m; sourceTree = "<group>"; };
		F4A4EC1F1900EB970087D438 /* LinkReceiptsMenuViewController.h */ = {isa = PBXFileReference; fileEncoding = 4; lastKnownFileType = sourcecode.c.h; path = LinkReceiptsMenuViewController.h; sourceTree = "<group>"; };
		F4A4EC201900EB970087D438 /* LinkReceiptsMenuViewController.m */ = {isa = PBXFileReference; fileEncoding = 4; lastKnownFileType = sourcecode.c.objc; path = LinkReceiptsMenuViewController.m; sourceTree = "<group>"; };
		F4A4EC221900EBB20087D438 /* RideCreditsMenuViewController.h */ = {isa = PBXFileReference; fileEncoding = 4; lastKnownFileType = sourcecode.c.h; path = RideCreditsMenuViewController.h; sourceTree = "<group>"; };
		F4A4EC231900EBB20087D438 /* RideCreditsMenuViewController.m */ = {isa = PBXFileReference; fileEncoding = 4; lastKnownFileType = sourcecode.c.objc; path = RideCreditsMenuViewController.m; sourceTree = "<group>"; };
		F4CB1F5618BC4BEC00A404D0 /* TermsAndAgreementsViewController.h */ = {isa = PBXFileReference; fileEncoding = 4; lastKnownFileType = sourcecode.c.h; path = TermsAndAgreementsViewController.h; sourceTree = "<group>"; };
		F4CB1F5718BC4BEC00A404D0 /* TermsAndAgreementsViewController.m */ = {isa = PBXFileReference; fileEncoding = 4; lastKnownFileType = sourcecode.c.objc; path = TermsAndAgreementsViewController.m; sourceTree = "<group>"; };
		F4CB1F5918BC5BC300A404D0 /* MapKit.framework */ = {isa = PBXFileReference; lastKnownFileType = wrapper.framework; name = MapKit.framework; path = System/Library/Frameworks/MapKit.framework; sourceTree = SDKROOT; };
		F4CB1F5E18BC634900A404D0 /* EnterPickupDropOffViewController.h */ = {isa = PBXFileReference; fileEncoding = 4; lastKnownFileType = sourcecode.c.h; path = EnterPickupDropOffViewController.h; sourceTree = "<group>"; };
		F4CB1F5F18BC634900A404D0 /* EnterPickupDropOffViewController.m */ = {isa = PBXFileReference; fileEncoding = 4; lastKnownFileType = sourcecode.c.objc; path = EnterPickupDropOffViewController.m; sourceTree = "<group>"; };
		F4CB1F6118BC759600A404D0 /* CoreLocation.framework */ = {isa = PBXFileReference; lastKnownFileType = wrapper.framework; name = CoreLocation.framework; path = System/Library/Frameworks/CoreLocation.framework; sourceTree = SDKROOT; };
		F4CB1F6418C31BF200A404D0 /* FindingCrewViewController.h */ = {isa = PBXFileReference; fileEncoding = 4; lastKnownFileType = sourcecode.c.h; path = FindingCrewViewController.h; sourceTree = "<group>"; };
		F4CB1F6518C31BF200A404D0 /* FindingCrewViewController.m */ = {isa = PBXFileReference; fileEncoding = 4; lastKnownFileType = sourcecode.c.objc; path = FindingCrewViewController.m; sourceTree = "<group>"; };
		F4CB1F6718C3214500A404D0 /* CountdownTimer.h */ = {isa = PBXFileReference; fileEncoding = 4; lastKnownFileType = sourcecode.c.h; path = CountdownTimer.h; sourceTree = "<group>"; };
		F4CB1F6818C3214500A404D0 /* CountdownTimer.m */ = {isa = PBXFileReference; fileEncoding = 4; lastKnownFileType = sourcecode.c.objc; path = CountdownTimer.m; sourceTree = "<group>"; };
		F4CB1FA618C7F35C00A404D0 /* CFNetwork.framework */ = {isa = PBXFileReference; lastKnownFileType = wrapper.framework; name = CFNetwork.framework; path = System/Library/Frameworks/CFNetwork.framework; sourceTree = SDKROOT; };
		F4CB1FA818C7F4BA00A404D0 /* libicucore.dylib */ = {isa = PBXFileReference; lastKnownFileType = "compiled.mach-o.dylib"; name = libicucore.dylib; path = usr/lib/libicucore.dylib; sourceTree = SDKROOT; };
		F4D65A5618D547A200FAF3D0 /* LICENCE.txt */ = {isa = PBXFileReference; fileEncoding = 4; lastKnownFileType = text; path = LICENCE.txt; sourceTree = "<group>"; };
		F4D65A5718D547A200FAF3D0 /* Reachability.h */ = {isa = PBXFileReference; fileEncoding = 4; lastKnownFileType = sourcecode.c.h; path = Reachability.h; sourceTree = "<group>"; };
		F4D65A5818D547A200FAF3D0 /* Reachability.m */ = {isa = PBXFileReference; fileEncoding = 4; lastKnownFileType = sourcecode.c.objc; path = Reachability.m; sourceTree = "<group>"; };
		F4D65A5B18D805DE00FAF3D0 /* MeetCrewMapViewManager.h */ = {isa = PBXFileReference; fileEncoding = 4; lastKnownFileType = sourcecode.c.h; path = MeetCrewMapViewManager.h; sourceTree = "<group>"; };
		F4D65A5C18D805DE00FAF3D0 /* MeetCrewMapViewManager.m */ = {isa = PBXFileReference; fileEncoding = 4; lastKnownFileType = sourcecode.c.objc; path = MeetCrewMapViewManager.m; sourceTree = "<group>"; };
		F4EB90E218A831DB00C57BF2 /* FacebookSDK.framework */ = {isa = PBXFileReference; lastKnownFileType = wrapper.framework; name = FacebookSDK.framework; path = otherFrameworks/FacebookSDK.framework; sourceTree = SOURCE_ROOT; };
		F4EB90E618A9EC5800C57BF2 /* ReceiptEmailViewController.h */ = {isa = PBXFileReference; fileEncoding = 4; lastKnownFileType = sourcecode.c.h; path = ReceiptEmailViewController.h; sourceTree = "<group>"; };
		F4EB90E718A9EC5900C57BF2 /* ReceiptEmailViewController.m */ = {isa = PBXFileReference; fileEncoding = 4; lastKnownFileType = sourcecode.c.objc; path = ReceiptEmailViewController.m; sourceTree = "<group>"; };
		F4EB918418AA11B700C57BF2 /* QuartzCore.framework */ = {isa = PBXFileReference; lastKnownFileType = wrapper.framework; name = QuartzCore.framework; path = System/Library/Frameworks/QuartzCore.framework; sourceTree = SDKROOT; };
		F4EB918618AA11FD00C57BF2 /* PaymentViewController.h */ = {isa = PBXFileReference; fileEncoding = 4; lastKnownFileType = sourcecode.c.h; path = PaymentViewController.h; sourceTree = "<group>"; };
		F4EB918718AA11FD00C57BF2 /* PaymentViewController.m */ = {isa = PBXFileReference; fileEncoding = 4; lastKnownFileType = sourcecode.c.objc; path = PaymentViewController.m; sourceTree = "<group>"; };
		F4EB920818AAF5D800C57BF2 /* Security.framework */ = {isa = PBXFileReference; lastKnownFileType = wrapper.framework; name = Security.framework; path = System/Library/Frameworks/Security.framework; sourceTree = SDKROOT; };
		F4EB920A18AAF5E000C57BF2 /* SystemConfiguration.framework */ = {isa = PBXFileReference; lastKnownFileType = wrapper.framework; name = SystemConfiguration.framework; path = System/Library/Frameworks/SystemConfiguration.framework; sourceTree = SDKROOT; };
		F4EEE6821904C53F00A20886 /* UberSettingsGuideViewController.h */ = {isa = PBXFileReference; fileEncoding = 4; lastKnownFileType = sourcecode.c.h; path = UberSettingsGuideViewController.h; sourceTree = "<group>"; };
		F4EEE6831904C53F00A20886 /* UberSettingsGuideViewController.m */ = {isa = PBXFileReference; fileEncoding = 4; lastKnownFileType = sourcecode.c.objc; path = UberSettingsGuideViewController.m; sourceTree = "<group>"; };
		F4EEE69819062B3900A20886 /* 1.png */ = {isa = PBXFileReference; lastKnownFileType = image.png; path = 1.png; sourceTree = "<group>"; };
		F4EEE69919062B3900A20886 /* 10.png */ = {isa = PBXFileReference; lastKnownFileType = image.png; path = 10.png; sourceTree = "<group>"; };
		F4EEE69A19062B3900A20886 /* 10@2x.png */ = {isa = PBXFileReference; lastKnownFileType = image.png; path = "10@2x.png"; sourceTree = "<group>"; };
		F4EEE69B19062B3900A20886 /* 11.png */ = {isa = PBXFileReference; lastKnownFileType = image.png; path = 11.png; sourceTree = "<group>"; };
		F4EEE69C19062B3900A20886 /* 11@2x.png */ = {isa = PBXFileReference; lastKnownFileType = image.png; path = "11@2x.png"; sourceTree = "<group>"; };
		F4EEE69D19062B3900A20886 /* 12.png */ = {isa = PBXFileReference; lastKnownFileType = image.png; path = 12.png; sourceTree = "<group>"; };
		F4EEE69E19062B3900A20886 /* 12@2x.png */ = {isa = PBXFileReference; lastKnownFileType = image.png; path = "12@2x.png"; sourceTree = "<group>"; };
		F4EEE69F19062B3900A20886 /* 13.png */ = {isa = PBXFileReference; lastKnownFileType = image.png; path = 13.png; sourceTree = "<group>"; };
		F4EEE6A019062B3900A20886 /* 13@2x.png */ = {isa = PBXFileReference; lastKnownFileType = image.png; path = "13@2x.png"; sourceTree = "<group>"; };
		F4EEE6A119062B3900A20886 /* 14.png */ = {isa = PBXFileReference; lastKnownFileType = image.png; path = 14.png; sourceTree = "<group>"; };
		F4EEE6A219062B3900A20886 /* 14@2x.png */ = {isa = PBXFileReference; lastKnownFileType = image.png; path = "14@2x.png"; sourceTree = "<group>"; };
		F4EEE6A319062B3900A20886 /* 15.png */ = {isa = PBXFileReference; lastKnownFileType = image.png; path = 15.png; sourceTree = "<group>"; };
		F4EEE6A419062B3900A20886 /* 15@2x.png */ = {isa = PBXFileReference; lastKnownFileType = image.png; path = "15@2x.png"; sourceTree = "<group>"; };
		F4EEE6A519062B3900A20886 /* 16.png */ = {isa = PBXFileReference; lastKnownFileType = image.png; path = 16.png; sourceTree = "<group>"; };
		F4EEE6A619062B3900A20886 /* 16@2x.png */ = {isa = PBXFileReference; lastKnownFileType = image.png; path = "16@2x.png"; sourceTree = "<group>"; };
		F4EEE6A719062B3900A20886 /* 1@2x.png */ = {isa = PBXFileReference; lastKnownFileType = image.png; path = "1@2x.png"; sourceTree = "<group>"; };
		F4EEE6A819062B3900A20886 /* 2.png */ = {isa = PBXFileReference; lastKnownFileType = image.png; path = 2.png; sourceTree = "<group>"; };
		F4EEE6A919062B3900A20886 /* 2@2x.png */ = {isa = PBXFileReference; lastKnownFileType = image.png; path = "2@2x.png"; sourceTree = "<group>"; };
		F4EEE6AA19062B3900A20886 /* 3.png */ = {isa = PBXFileReference; lastKnownFileType = image.png; path = 3.png; sourceTree = "<group>"; };
		F4EEE6AB19062B3900A20886 /* 3@2x.png */ = {isa = PBXFileReference; lastKnownFileType = image.png; path = "3@2x.png"; sourceTree = "<group>"; };
		F4EEE6AC19062B3900A20886 /* 4.png */ = {isa = PBXFileReference; lastKnownFileType = image.png; path = 4.png; sourceTree = "<group>"; };
		F4EEE6AD19062B3900A20886 /* 4@2x.png */ = {isa = PBXFileReference; lastKnownFileType = image.png; path = "4@2x.png"; sourceTree = "<group>"; };
		F4EEE6AE19062B3900A20886 /* 5.png */ = {isa = PBXFileReference; lastKnownFileType = image.png; path = 5.png; sourceTree = "<group>"; };
		F4EEE6AF19062B3900A20886 /* 5@2x.png */ = {isa = PBXFileReference; lastKnownFileType = image.png; path = "5@2x.png"; sourceTree = "<group>"; };
		F4EEE6B019062B3900A20886 /* 6.png */ = {isa = PBXFileReference; lastKnownFileType = image.png; path = 6.png; sourceTree = "<group>"; };
		F4EEE6B119062B3900A20886 /* 6@2x.png */ = {isa = PBXFileReference; lastKnownFileType = image.png; path = "6@2x.png"; sourceTree = "<group>"; };
		F4EEE6B219062B3900A20886 /* 7.png */ = {isa = PBXFileReference; lastKnownFileType = image.png; path = 7.png; sourceTree = "<group>"; };
		F4EEE6B319062B3900A20886 /* 7@2x.png */ = {isa = PBXFileReference; lastKnownFileType = image.png; path = "7@2x.png"; sourceTree = "<group>"; };
		F4EEE6B419062B3900A20886 /* 8.png */ = {isa = PBXFileReference; lastKnownFileType = image.png; path = 8.png; sourceTree = "<group>"; };
		F4EEE6B519062B3900A20886 /* 8@2x.png */ = {isa = PBXFileReference; lastKnownFileType = image.png; path = "8@2x.png"; sourceTree = "<group>"; };
		F4EEE6B619062B3900A20886 /* 9.png */ = {isa = PBXFileReference; lastKnownFileType = image.png; path = 9.png; sourceTree = "<group>"; };
		F4EEE6B719062B3900A20886 /* 9@2x.png */ = {isa = PBXFileReference; lastKnownFileType = image.png; path = "9@2x.png"; sourceTree = "<group>"; };
		F4EEE6BC19062B3900A20886 /* action_required.wav */ = {isa = PBXFileReference; lastKnownFileType = audio.wav; path = action_required.wav; sourceTree = "<group>"; };
		F4EEE6BD19062B3900A20886 /* ride_checkedin.wav */ = {isa = PBXFileReference; lastKnownFileType = audio.wav; path = ride_checkedin.wav; sourceTree = "<group>"; };
		F4EEE6BE19062B3900A20886 /* ride_matched.wav */ = {isa = PBXFileReference; lastKnownFileType = audio.wav; path = ride_matched.wav; sourceTree = "<group>"; };
		F4EEE6BF19062B3900A20886 /* ride_missed.wav */ = {isa = PBXFileReference; lastKnownFileType = audio.wav; path = ride_missed.wav; sourceTree = "<group>"; };
		F4EEE6C019062B3900A20886 /* you-are-captain.wav */ = {isa = PBXFileReference; lastKnownFileType = audio.wav; path = "you-are-captain.wav"; sourceTree = "<group>"; };
		F4EEE6C119062B3900A20886 /* you-are-stowaway.wav */ = {isa = PBXFileReference; lastKnownFileType = audio.wav; path = "you-are-stowaway.wav"; sourceTree = "<group>"; };
		F4EEE6C319062B3900A20886 /* 50.png */ = {isa = PBXFileReference; lastKnownFileType = image.png; path = 50.png; sourceTree = "<group>"; };
		F4EEE6C419062B3900A20886 /* 50@2x.png */ = {isa = PBXFileReference; lastKnownFileType = image.png; path = "50@2x.png"; sourceTree = "<group>"; };
		F4EEE6C519062B3900A20886 /* off.png */ = {isa = PBXFileReference; lastKnownFileType = image.png; path = off.png; sourceTree = "<group>"; };
		F4EEE6C619062B3900A20886 /* off@2x.png */ = {isa = PBXFileReference; lastKnownFileType = image.png; path = "off@2x.png"; sourceTree = "<group>"; };
		F4EEE6C719062B3900A20886 /* percent.png */ = {isa = PBXFileReference; lastKnownFileType = image.png; path = percent.png; sourceTree = "<group>"; };
		F4EEE6C819062B3900A20886 /* percent@2x.png */ = {isa = PBXFileReference; lastKnownFileType = image.png; path = "percent@2x.png"; sourceTree = "<group>"; };
		F4EEE6CA19062B3900A20886 /* credit-card.png */ = {isa = PBXFileReference; lastKnownFileType = image.png; path = "credit-card.png"; sourceTree = "<group>"; };
		F4EEE6CB19062B3900A20886 /* credit-card@2x.png */ = {isa = PBXFileReference; lastKnownFileType = image.png; path = "credit-card@2x.png"; sourceTree = "<group>"; };
		F4EEE6CC19062B3900A20886 /* footer.png */ = {isa = PBXFileReference; lastKnownFileType = image.png; path = footer.png; sourceTree = "<group>"; };
		F4EEE6CD19062B3900A20886 /* footer@2x.png */ = {isa = PBXFileReference; lastKnownFileType = image.png; path = "footer@2x.png"; sourceTree = "<group>"; };
		F4EEE6CE19062B3900A20886 /* help.png */ = {isa = PBXFileReference; lastKnownFileType = image.png; path = help.png; sourceTree = "<group>"; };
		F4EEE6CF19062B3900A20886 /* help@2x.png */ = {isa = PBXFileReference; lastKnownFileType = image.png; path = "help@2x.png"; sourceTree = "<group>"; };
		F4EEE6D019062B3900A20886 /* Icon.png */ = {isa = PBXFileReference; lastKnownFileType = image.png; path = Icon.png; sourceTree = "<group>"; };
		F4EEE6D119062B3900A20886 /* Icon@2x.png */ = {isa = PBXFileReference; lastKnownFileType = image.png; path = "Icon@2x.png"; sourceTree = "<group>"; };
		F4EEE6D219062B3900A20886 /* profile.png */ = {isa = PBXFileReference; lastKnownFileType = image.png; path = profile.png; sourceTree = "<group>"; };
		F4EEE6D319062B3900A20886 /* profile@2x.png */ = {isa = PBXFileReference; lastKnownFileType = image.png; path = "profile@2x.png"; sourceTree = "<group>"; };
		F4EEE6D419062B3900A20886 /* receipt.png */ = {isa = PBXFileReference; lastKnownFileType = image.png; path = receipt.png; sourceTree = "<group>"; };
		F4EEE6D519062B3900A20886 /* receipt@2x.png */ = {isa = PBXFileReference; lastKnownFileType = image.png; path = "receipt@2x.png"; sourceTree = "<group>"; };
		F4EEE6D619062B3900A20886 /* reveal-icon.png */ = {isa = PBXFileReference; lastKnownFileType = image.png; path = "reveal-icon.png"; sourceTree = "<group>"; };
		F4EEE6D719062B3900A20886 /* reveal-icon@2x.png */ = {isa = PBXFileReference; lastKnownFileType = image.png; path = "reveal-icon@2x.png"; sourceTree = "<group>"; };
		F4EEE6D819062B3900A20886 /* ride_credits.png */ = {isa = PBXFileReference; lastKnownFileType = image.png; path = ride_credits.png; sourceTree = "<group>"; };
		F4EEE6D919062B3900A20886 /* ride_credits@2x.png */ = {isa = PBXFileReference; lastKnownFileType = image.png; path = "ride_credits@2x.png"; sourceTree = "<group>"; };
		F4EEE6DB19062B3900A20886 /* find-crew-wood.png */ = {isa = PBXFileReference; lastKnownFileType = image.png; path = "find-crew-wood.png"; sourceTree = "<group>"; };
		F4EEE6DC19062B3900A20886 /* find-crew-wood@2x.png */ = {isa = PBXFileReference; lastKnownFileType = image.png; path = "find-crew-wood@2x.png"; sourceTree = "<group>"; };
		F4EEE6E019062B3900A20886 /* tutorial_1.png */ = {isa = PBXFileReference; lastKnownFileType = image.png; path = tutorial_1.png; sourceTree = "<group>"; };
		F4EEE6E119062B3900A20886 /* tutorial_1@2x.png */ = {isa = PBXFileReference; lastKnownFileType = image.png; path = "tutorial_1@2x.png"; sourceTree = "<group>"; };
		F4EEE6E219062B3900A20886 /* tutorial_2.png */ = {isa = PBXFileReference; lastKnownFileType = image.png; path = tutorial_2.png; sourceTree = "<group>"; };
		F4EEE6E319062B3900A20886 /* tutorial_2@2x.png */ = {isa = PBXFileReference; lastKnownFileType = image.png; path = "tutorial_2@2x.png"; sourceTree = "<group>"; };
		F4EEE6E419062B3900A20886 /* tutorial_3.png */ = {isa = PBXFileReference; lastKnownFileType = image.png; path = tutorial_3.png; sourceTree = "<group>"; };
		F4EEE6E519062B3900A20886 /* tutorial_3@2x.png */ = {isa = PBXFileReference; lastKnownFileType = image.png; path = "tutorial_3@2x.png"; sourceTree = "<group>"; };
		F4EEE6E619062B3900A20886 /* tutorial_4.png */ = {isa = PBXFileReference; lastKnownFileType = image.png; path = tutorial_4.png; sourceTree = "<group>"; };
		F4EEE6E719062B3900A20886 /* tutorial_4@2x.png */ = {isa = PBXFileReference; lastKnownFileType = image.png; path = "tutorial_4@2x.png"; sourceTree = "<group>"; };
		F4EEE7331906339500A20886 /* check-mark-256.png */ = {isa = PBXFileReference; lastKnownFileType = image.png; path = "check-mark-256.png"; sourceTree = "<group>"; };
		F4EEE7341906339500A20886 /* cross-mark-256.png */ = {isa = PBXFileReference; lastKnownFileType = image.png; path = "cross-mark-256.png"; sourceTree = "<group>"; };
/* End PBXFileReference section */

/* Begin PBXFrameworksBuildPhase section */
		68BAFEA9188DDBD3009738A0 /* Frameworks */ = {
			isa = PBXFrameworksBuildPhase;
			buildActionMask = 2147483647;
			files = (
				F4CB1FA918C7F4BA00A404D0 /* libicucore.dylib in Frameworks */,
				F4CB1FA718C7F35C00A404D0 /* CFNetwork.framework in Frameworks */,
				F4CB1F6318BDAEA600A404D0 /* QuartzCore.framework in Frameworks */,
				F4CB1F6218BC759600A404D0 /* CoreLocation.framework in Frameworks */,
				F4CB1F5A18BC5BC300A404D0 /* MapKit.framework in Frameworks */,
				F4EB920B18AAF5E000C57BF2 /* SystemConfiguration.framework in Frameworks */,
				F4EB920918AAF5D800C57BF2 /* Security.framework in Frameworks */,
				F4EB90E418A8321700C57BF2 /* FacebookSDK.framework in Frameworks */,
				68BAFEB2188DDBD3009738A0 /* CoreGraphics.framework in Frameworks */,
				68BAFEB4188DDBD3009738A0 /* UIKit.framework in Frameworks */,
				68BAFEB0188DDBD3009738A0 /* Foundation.framework in Frameworks */,
				0AAC41B03ACA45D2B1CD5BB0 /* libPods.a in Frameworks */,
			);
			runOnlyForDeploymentPostprocessing = 0;
		};
/* End PBXFrameworksBuildPhase section */

/* Begin PBXGroup section */
		68BAFEA3188DDBD3009738A0 = {
			isa = PBXGroup;
			children = (
				68BAFEB5188DDBD3009738A0 /* StowAway */,
				F4EEE69519062B3900A20886 /* images+sounds */,
				F4EB90E518A8345C00C57BF2 /* otherFrameworks */,
				68BAFEAE188DDBD3009738A0 /* Frameworks */,
				68BAFEAD188DDBD3009738A0 /* Products */,
				EBB5AAE28C6C411786386FFA /* Pods.xcconfig */,
			);
			sourceTree = "<group>";
		};
		68BAFEAD188DDBD3009738A0 /* Products */ = {
			isa = PBXGroup;
			children = (
				68BAFEAC188DDBD3009738A0 /* Stowaway.app */,
			);
			name = Products;
			sourceTree = "<group>";
		};
		68BAFEAE188DDBD3009738A0 /* Frameworks */ = {
			isa = PBXGroup;
			children = (
				F4CB1FA818C7F4BA00A404D0 /* libicucore.dylib */,
				F4CB1FA618C7F35C00A404D0 /* CFNetwork.framework */,
				F4CB1F6118BC759600A404D0 /* CoreLocation.framework */,
				F4CB1F5918BC5BC300A404D0 /* MapKit.framework */,
				F4EB920A18AAF5E000C57BF2 /* SystemConfiguration.framework */,
				F4EB920818AAF5D800C57BF2 /* Security.framework */,
				F4EB918418AA11B700C57BF2 /* QuartzCore.framework */,
				68BAFEAF188DDBD3009738A0 /* Foundation.framework */,
				68BAFEB1188DDBD3009738A0 /* CoreGraphics.framework */,
				68BAFEB3188DDBD3009738A0 /* UIKit.framework */,
				68BAFECE188DDBD3009738A0 /* XCTest.framework */,
				347CED1860724CA9AAE54326 /* libPods.a */,
			);
			name = Frameworks;
			sourceTree = "<group>";
		};
		68BAFEB5188DDBD3009738A0 /* StowAway */ = {
			isa = PBXGroup;
			children = (
				F4A7E48D18E7183200B1C482 /* View Controllers */,
				F4A7E48E18E7187F00B1C482 /* Helper Classes */,
				68BAFEBE188DDBD3009738A0 /* AppDelegate.h */,
				68BAFEBF188DDBD3009738A0 /* AppDelegate.m */,
				68BAFEC1188DDBD3009738A0 /* Main.storyboard */,
				68BAFEC7188DDBD3009738A0 /* Images.xcassets */,
				68BAFEB6188DDBD3009738A0 /* Supporting Files */,
			);
			path = StowAway;
			sourceTree = "<group>";
		};
		68BAFEB6188DDBD3009738A0 /* Supporting Files */ = {
			isa = PBXGroup;
			children = (
				68BAFEB7188DDBD3009738A0 /* StowAway-Info.plist */,
				68BAFEB8188DDBD3009738A0 /* InfoPlist.strings */,
				68BAFEBB188DDBD3009738A0 /* main.m */,
				68BAFEBD188DDBD3009738A0 /* StowAway-Prefix.pch */,
			);
			name = "Supporting Files";
			sourceTree = "<group>";
		};
		F4266D3F18B5A87800A46BB1 /* Stripe */ = {
			isa = PBXGroup;
			children = (
				F4266D4018B5A87800A46BB1 /* STPCard.h */,
				F4266D4118B5A87900A46BB1 /* STPCard.m */,
				F4266D4218B5A87900A46BB1 /* STPToken.h */,
				F4266D4318B5A87900A46BB1 /* STPToken.m */,
				F4266D4618B5A87900A46BB1 /* Stripe-Prefix.pch */,
				F4266D4718B5A87900A46BB1 /* Stripe.h */,
				F4266D4818B5A87900A46BB1 /* Stripe.m */,
				F4266D4918B5A87900A46BB1 /* StripeError.h */,
				F4266D4A18B5A87900A46BB1 /* StripeError.m */,
				F4266D9D18B5A87900A46BB1 /* VERSION */,
			);
			path = Stripe;
			sourceTree = "<group>";
		};
		F460822E18F5142800E3F059 /* SWRevealViewController */ = {
			isa = PBXGroup;
			children = (
				F460822F18F5142800E3F059 /* SWRevealViewController.h */,
				F460823018F5142800E3F059 /* SWRevealViewController.m */,
			);
			path = SWRevealViewController;
			sourceTree = "<group>";
		};
		F47CB6B918AAF84000FD8FB9 /* gtm-oauth2 */ = {
			isa = PBXGroup;
			children = (
				F47CB6BC18AAF84000FD8FB9 /* HTTPFetcher */,
				F47CB6E318AAF84000FD8FB9 /* Source */,
			);
			path = "gtm-oauth2";
			sourceTree = "<group>";
		};
		F47CB6BC18AAF84000FD8FB9 /* HTTPFetcher */ = {
			isa = PBXGroup;
			children = (
				F47CB6BF18AAF84000FD8FB9 /* GTMHTTPFetcher.h */,
				F47CB6C018AAF84000FD8FB9 /* GTMHTTPFetcher.m */,
			);
			path = HTTPFetcher;
			sourceTree = "<group>";
		};
		F47CB6E318AAF84000FD8FB9 /* Source */ = {
			isa = PBXGroup;
			children = (
				F47CB6E718AAF84000FD8FB9 /* GTMOAuth2Authentication.h */,
				F47CB6E818AAF84000FD8FB9 /* GTMOAuth2Authentication.m */,
				F47CB6E918AAF84000FD8FB9 /* GTMOAuth2SignIn.h */,
				F47CB6EA18AAF84000FD8FB9 /* GTMOAuth2SignIn.m */,
				F47CB6EB18AAF84000FD8FB9 /* ReleaseNotes.txt */,
				F47CB6EC18AAF84000FD8FB9 /* Touch */,
			);
			path = Source;
			sourceTree = "<group>";
		};
		F47CB6EC18AAF84000FD8FB9 /* Touch */ = {
			isa = PBXGroup;
			children = (
				F47CB6ED18AAF84000FD8FB9 /* GTMOAuth2ViewControllerTouch.h */,
				F47CB6EE18AAF84000FD8FB9 /* GTMOAuth2ViewControllerTouch.m */,
				F47CB6EF18AAF84000FD8FB9 /* GTMOAuth2ViewTouch.xib */,
			);
			path = Touch;
			sourceTree = "<group>";
		};
		F4A7E48D18E7183200B1C482 /* View Controllers */ = {
			isa = PBXGroup;
			children = (
				F4CB1F5618BC4BEC00A404D0 /* TermsAndAgreementsViewController.h */,
				F4CB1F5718BC4BEC00A404D0 /* TermsAndAgreementsViewController.m */,
				F4CB1F5E18BC634900A404D0 /* EnterPickupDropOffViewController.h */,
				F4CB1F5F18BC634900A404D0 /* EnterPickupDropOffViewController.m */,
				F4CB1F6418C31BF200A404D0 /* FindingCrewViewController.h */,
				F4CB1F6518C31BF200A404D0 /* FindingCrewViewController.m */,
				F47A5E7418D00E2600182C0C /* MeetCrewViewController.h */,
				F47A5E7518D00E2700182C0C /* MeetCrewViewController.m */,
				F4EB918618AA11FD00C57BF2 /* PaymentViewController.h */,
				F4EB918718AA11FD00C57BF2 /* PaymentViewController.m */,
				F4EB90E618A9EC5800C57BF2 /* ReceiptEmailViewController.h */,
				F4EB90E718A9EC5900C57BF2 /* ReceiptEmailViewController.m */,
				68BAFEC4188DDBD3009738A0 /* LoginViewController.h */,
				68BAFEC5188DDBD3009738A0 /* LoginViewController.m */,
				F460823218F515DE00E3F059 /* MenuTableViewController.h */,
				F460823318F515DE00E3F059 /* MenuTableViewController.m */,
				F460823A18FA38E200E3F059 /* PageContentViewController.h */,
				F460823B18FA38E200E3F059 /* PageContentViewController.m */,
				F460824D18FA434A00E3F059 /* TutorialViewController.h */,
				F460824E18FA434A00E3F059 /* TutorialViewController.m */,
				F42773EC18FE353A003AE6AD /* HelpMenuViewController.h */,
				F42773ED18FE353A003AE6AD /* HelpMenuViewController.m */,
				F4A4EC191900E13E0087D438 /* ProfileMenuViewController.h */,
				F4A4EC1A1900E13E0087D438 /* ProfileMenuViewController.m */,
				F4A4EC1C1900EB690087D438 /* PaymentMenuViewController.h */,
				F4A4EC1D1900EB690087D438 /* PaymentMenuViewController.m */,
				F4A4EC1F1900EB970087D438 /* LinkReceiptsMenuViewController.h */,
				F4A4EC201900EB970087D438 /* LinkReceiptsMenuViewController.m */,
				F4A4EC221900EBB20087D438 /* RideCreditsMenuViewController.h */,
				F4A4EC231900EBB20087D438 /* RideCreditsMenuViewController.m */,
				F4EEE6821904C53F00A20886 /* UberSettingsGuideViewController.h */,
				F4EEE6831904C53F00A20886 /* UberSettingsGuideViewController.m */,
			);
			name = "View Controllers";
			sourceTree = "<group>";
		};
		F4A7E48E18E7187F00B1C482 /* Helper Classes */ = {
			isa = PBXGroup;
			children = (
				F4266D3B18B52D6600A46BB1 /* GoogleAuthenticator.h */,
				F4266D3C18B52D6600A46BB1 /* GoogleAuthenticator.m */,
				F451B6BF18B18CE700CF59BA /* StowawayServerCommunicator.h */,
				F451B6C018B18CE700CF59BA /* StowawayServerCommunicator.m */,
				F4D65A5B18D805DE00FAF3D0 /* MeetCrewMapViewManager.h */,
				F4D65A5C18D805DE00FAF3D0 /* MeetCrewMapViewManager.m */,
				F4CB1F6718C3214500A404D0 /* CountdownTimer.h */,
				F4CB1F6818C3214500A404D0 /* CountdownTimer.m */,
				F451B6C518B3333400CF59BA /* StowawayConstants.h */,
				F451B6C618B3333400CF59BA /* StowawayConstants.m */,
			);
			name = "Helper Classes";
			sourceTree = "<group>";
		};
		F4D65A5518D547A200FAF3D0 /* Reachability */ = {
			isa = PBXGroup;
			children = (
				F4D65A5618D547A200FAF3D0 /* LICENCE.txt */,
				F4D65A5718D547A200FAF3D0 /* Reachability.h */,
				F4D65A5818D547A200FAF3D0 /* Reachability.m */,
			);
			path = Reachability;
			sourceTree = "<group>";
		};
		F4EB90E518A8345C00C57BF2 /* otherFrameworks */ = {
			isa = PBXGroup;
			children = (
				F460822E18F5142800E3F059 /* SWRevealViewController */,
				F4D65A5518D547A200FAF3D0 /* Reachability */,
				F4266D3F18B5A87800A46BB1 /* Stripe */,
				F47CB6B918AAF84000FD8FB9 /* gtm-oauth2 */,
				F4EB90E218A831DB00C57BF2 /* FacebookSDK.framework */,
			);
			path = otherFrameworks;
			sourceTree = SOURCE_ROOT;
		};
		F4EEE69519062B3900A20886 /* images+sounds */ = {
			isa = PBXGroup;
			children = (
				F4EEE7321906339500A20886 /* auto-checkin badges */,
				F4EEE69719062B3900A20886 /* faces_findingCrew_animation */,
				F4EEE6B819062B3900A20886 /* findingCrewImages */,
				F4EEE6BB19062B3900A20886 /* ios_app_sounds */,
				F4EEE6C219062B3900A20886 /* loneRiderImages */,
				F4EEE6C919062B3900A20886 /* menu_images */,
				F4EEE6DA19062B3900A20886 /* ride_request_images */,
				F4EEE6DF19062B3900A20886 /* tutorial_images */,
			);
			path = "images+sounds";
			sourceTree = "<group>";
		};
		F4EEE69719062B3900A20886 /* faces_findingCrew_animation */ = {
			isa = PBXGroup;
			children = (
				F4EEE69819062B3900A20886 /* 1.png */,
				F4EEE69919062B3900A20886 /* 10.png */,
				F4EEE69A19062B3900A20886 /* 10@2x.png */,
				F4EEE69B19062B3900A20886 /* 11.png */,
				F4EEE69C19062B3900A20886 /* 11@2x.png */,
				F4EEE69D19062B3900A20886 /* 12.png */,
				F4EEE69E19062B3900A20886 /* 12@2x.png */,
				F4EEE69F19062B3900A20886 /* 13.png */,
				F4EEE6A019062B3900A20886 /* 13@2x.png */,
				F4EEE6A119062B3900A20886 /* 14.png */,
				F4EEE6A219062B3900A20886 /* 14@2x.png */,
				F4EEE6A319062B3900A20886 /* 15.png */,
				F4EEE6A419062B3900A20886 /* 15@2x.png */,
				F4EEE6A519062B3900A20886 /* 16.png */,
				F4EEE6A619062B3900A20886 /* 16@2x.png */,
				F4EEE6A719062B3900A20886 /* 1@2x.png */,
				F4EEE6A819062B3900A20886 /* 2.png */,
				F4EEE6A919062B3900A20886 /* 2@2x.png */,
				F4EEE6AA19062B3900A20886 /* 3.png */,
				F4EEE6AB19062B3900A20886 /* 3@2x.png */,
				F4EEE6AC19062B3900A20886 /* 4.png */,
				F4EEE6AD19062B3900A20886 /* 4@2x.png */,
				F4EEE6AE19062B3900A20886 /* 5.png */,
				F4EEE6AF19062B3900A20886 /* 5@2x.png */,
				F4EEE6B019062B3900A20886 /* 6.png */,
				F4EEE6B119062B3900A20886 /* 6@2x.png */,
				F4EEE6B219062B3900A20886 /* 7.png */,
				F4EEE6B319062B3900A20886 /* 7@2x.png */,
				F4EEE6B419062B3900A20886 /* 8.png */,
				F4EEE6B519062B3900A20886 /* 8@2x.png */,
				F4EEE6B619062B3900A20886 /* 9.png */,
				F4EEE6B719062B3900A20886 /* 9@2x.png */,
			);
			path = faces_findingCrew_animation;
			sourceTree = "<group>";
		};
		F4EEE6B819062B3900A20886 /* findingCrewImages */ = {
			isa = PBXGroup;
			children = (
				F47C03F1190E207200F9916E /* wood-with-portholes_v3.png */,
				F47C03F2190E207200F9916E /* wood-with-portholes_v3@2x.png */,
			);
			path = findingCrewImages;
			sourceTree = "<group>";
		};
		F4EEE6BB19062B3900A20886 /* ios_app_sounds */ = {
			isa = PBXGroup;
			children = (
				F4EEE6BC19062B3900A20886 /* action_required.wav */,
				F4EEE6BD19062B3900A20886 /* ride_checkedin.wav */,
				F4EEE6BE19062B3900A20886 /* ride_matched.wav */,
				F4EEE6BF19062B3900A20886 /* ride_missed.wav */,
				F4EEE6C019062B3900A20886 /* you-are-captain.wav */,
				F4EEE6C119062B3900A20886 /* you-are-stowaway.wav */,
			);
			path = ios_app_sounds;
			sourceTree = "<group>";
		};
		F4EEE6C219062B3900A20886 /* loneRiderImages */ = {
			isa = PBXGroup;
			children = (
				F4EEE6C319062B3900A20886 /* 50.png */,
				F4EEE6C419062B3900A20886 /* 50@2x.png */,
				F4EEE6C519062B3900A20886 /* off.png */,
				F4EEE6C619062B3900A20886 /* off@2x.png */,
				F4EEE6C719062B3900A20886 /* percent.png */,
				F4EEE6C819062B3900A20886 /* percent@2x.png */,
			);
			path = loneRiderImages;
			sourceTree = "<group>";
		};
		F4EEE6C919062B3900A20886 /* menu_images */ = {
			isa = PBXGroup;
			children = (
				F4EEE6CA19062B3900A20886 /* credit-card.png */,
				F4EEE6CB19062B3900A20886 /* credit-card@2x.png */,
				F4EEE6CC19062B3900A20886 /* footer.png */,
				F4EEE6CD19062B3900A20886 /* footer@2x.png */,
				F4EEE6CE19062B3900A20886 /* help.png */,
				F4EEE6CF19062B3900A20886 /* help@2x.png */,
				F4EEE6D019062B3900A20886 /* Icon.png */,
				F4EEE6D119062B3900A20886 /* Icon@2x.png */,
				F4EEE6D219062B3900A20886 /* profile.png */,
				F4EEE6D319062B3900A20886 /* profile@2x.png */,
				F4EEE6D419062B3900A20886 /* receipt.png */,
				F4EEE6D519062B3900A20886 /* receipt@2x.png */,
				F4EEE6D619062B3900A20886 /* reveal-icon.png */,
				F4EEE6D719062B3900A20886 /* reveal-icon@2x.png */,
				F4EEE6D819062B3900A20886 /* ride_credits.png */,
				F4EEE6D919062B3900A20886 /* ride_credits@2x.png */,
			);
			path = menu_images;
			sourceTree = "<group>";
		};
		F4EEE6DA19062B3900A20886 /* ride_request_images */ = {
			isa = PBXGroup;
			children = (
				F4EEE6DB19062B3900A20886 /* find-crew-wood.png */,
				F4EEE6DC19062B3900A20886 /* find-crew-wood@2x.png */,
				F47C04231919EAAC00F9916E /* left_new.png */,
				F47C04241919EAAC00F9916E /* left_new@2x.png */,
				F47C04251919EAAC00F9916E /* minus_new.png */,
				F47C04261919EAAC00F9916E /* minus_new@2x.png */,
				F47C04271919EAAC00F9916E /* plus_new.png */,
				F47C04281919EAAC00F9916E /* plus_new@2x.png */,
				F47C04291919EAAC00F9916E /* right_new.png */,
				F47C042A1919EAAC00F9916E /* right_new@2x.png */,
				F47C043B191A022C00F9916E /* from-to-v4.png */,
				F47C043C191A022C00F9916E /* from-to-v4@2x.png */,
			);
			path = ride_request_images;
			sourceTree = "<group>";
		};
		F4EEE6DF19062B3900A20886 /* tutorial_images */ = {
			isa = PBXGroup;
			children = (
				F4EEE6E019062B3900A20886 /* tutorial_1.png */,
				F4EEE6E119062B3900A20886 /* tutorial_1@2x.png */,
				F4EEE6E219062B3900A20886 /* tutorial_2.png */,
				F4EEE6E319062B3900A20886 /* tutorial_2@2x.png */,
				F4EEE6E419062B3900A20886 /* tutorial_3.png */,
				F4EEE6E519062B3900A20886 /* tutorial_3@2x.png */,
				F4EEE6E619062B3900A20886 /* tutorial_4.png */,
				F4EEE6E719062B3900A20886 /* tutorial_4@2x.png */,
			);
			path = tutorial_images;
			sourceTree = "<group>";
		};
		F4EEE7321906339500A20886 /* auto-checkin badges */ = {
			isa = PBXGroup;
			children = (
				F4EEE7331906339500A20886 /* check-mark-256.png */,
				F4EEE7341906339500A20886 /* cross-mark-256.png */,
			);
			path = "auto-checkin badges";
			sourceTree = "<group>";
		};
/* End PBXGroup section */

/* Begin PBXNativeTarget section */
		68BAFEAB188DDBD3009738A0 /* StowAway */ = {
			isa = PBXNativeTarget;
			buildConfigurationList = 68BAFEDE188DDBD3009738A0 /* Build configuration list for PBXNativeTarget "StowAway" */;
			buildPhases = (
				B52D80BA131D40AD977EECAA /* Check Pods Manifest.lock */,
				68BAFEA8188DDBD3009738A0 /* Sources */,
				68BAFEA9188DDBD3009738A0 /* Frameworks */,
				68BAFEAA188DDBD3009738A0 /* Resources */,
				EF07BF46B73E4056A41E793C /* Copy Pods Resources */,
			);
			buildRules = (
			);
			dependencies = (
			);
			name = StowAway;
			productName = StowAway;
			productReference = 68BAFEAC188DDBD3009738A0 /* Stowaway.app */;
			productType = "com.apple.product-type.application";
		};
/* End PBXNativeTarget section */

/* Begin PBXProject section */
		68BAFEA4188DDBD3009738A0 /* Project object */ = {
			isa = PBXProject;
			attributes = {
				LastUpgradeCheck = 0500;
				ORGANIZATIONNAME = StowAway;
				TargetAttributes = {
					68BAFEAB188DDBD3009738A0 = {
						DevelopmentTeam = 9CFLNLAQFN;
						SystemCapabilities = {
							com.apple.BackgroundModes = {
								enabled = 1;
							};
						};
					};
				};
			};
			buildConfigurationList = 68BAFEA7188DDBD3009738A0 /* Build configuration list for PBXProject "Stowaway" */;
			compatibilityVersion = "Xcode 3.2";
			developmentRegion = English;
			hasScannedForEncodings = 0;
			knownRegions = (
				en,
				Base,
			);
			mainGroup = 68BAFEA3188DDBD3009738A0;
			productRefGroup = 68BAFEAD188DDBD3009738A0 /* Products */;
			projectDirPath = "";
			projectRoot = "";
			targets = (
				68BAFEAB188DDBD3009738A0 /* StowAway */,
			);
		};
/* End PBXProject section */

/* Begin PBXResourcesBuildPhase section */
		68BAFEAA188DDBD3009738A0 /* Resources */ = {
			isa = PBXResourcesBuildPhase;
			buildActionMask = 2147483647;
			files = (
				F4EEE72419062B3900A20886 /* ride_credits.png in Resources */,
				F4EEE6FB19062B3900A20886 /* 3@2x.png in Resources */,
				F4EEE6ED19062B3900A20886 /* 12.png in Resources */,
				F4EEE6EB19062B3900A20886 /* 11.png in Resources */,
				F47C042E1919EAAC00F9916E /* minus_new@2x.png in Resources */,
				F47C03F3190E207200F9916E /* wood-with-portholes_v3.png in Resources */,
				F4EEE72F19062B3900A20886 /* tutorial_3@2x.png in Resources */,
				F47CB70A18AAF84000FD8FB9 /* GTMOAuth2ViewTouch.xib in Resources */,
				F4EEE71819062B3900A20886 /* footer.png in Resources */,
				F4EEE6F619062B3900A20886 /* 16@2x.png in Resources */,
				F4EEE71919062B3900A20886 /* footer@2x.png in Resources */,
				F4EEE7351906339500A20886 /* check-mark-256.png in Resources */,
				F4EEE6E819062B3900A20886 /* 1.png in Resources */,
				68BAFEC8188DDBD3009738A0 /* Images.xcassets in Resources */,
				F47C042B1919EAAC00F9916E /* left_new.png in Resources */,
				F4EEE72719062B3900A20886 /* find-crew-wood@2x.png in Resources */,
				F4EEE70219062B3900A20886 /* 7.png in Resources */,
				F47C042C1919EAAC00F9916E /* left_new@2x.png in Resources */,
				F47C042F1919EAAC00F9916E /* plus_new.png in Resources */,
				F4EEE71D19062B3900A20886 /* Icon@2x.png in Resources */,
				F4EEE72119062B3900A20886 /* receipt@2x.png in Resources */,
				F4EEE72C19062B3900A20886 /* tutorial_2.png in Resources */,
				F4EEE72E19062B3900A20886 /* tutorial_3.png in Resources */,
				F4EEE6FF19062B3900A20886 /* 5@2x.png in Resources */,
				F4EEE6EF19062B3900A20886 /* 13.png in Resources */,
				F4EEE72519062B3900A20886 /* ride_credits@2x.png in Resources */,
				F4EEE71C19062B3900A20886 /* Icon.png in Resources */,
				F4EEE6FC19062B3900A20886 /* 4.png in Resources */,
				F4EEE6EC19062B3900A20886 /* 11@2x.png in Resources */,
				F4EEE70519062B3900A20886 /* 8@2x.png in Resources */,
				F4EEE73019062B3900A20886 /* tutorial_4.png in Resources */,
				F4EEE6F719062B3900A20886 /* 1@2x.png in Resources */,
				F4EEE71B19062B3900A20886 /* help@2x.png in Resources */,
				F4EEE70D19062B3900A20886 /* ride_missed.wav in Resources */,
				68BAFEBA188DDBD3009738A0 /* InfoPlist.strings in Resources */,
				F4EEE70619062B3900A20886 /* 9.png in Resources */,
				F4EEE72219062B3900A20886 /* reveal-icon.png in Resources */,
				F47CB70818AAF84000FD8FB9 /* ReleaseNotes.txt in Resources */,
				F4EEE7361906339500A20886 /* cross-mark-256.png in Resources */,
				F4EEE70019062B3900A20886 /* 6.png in Resources */,
				F4EEE70B19062B3900A20886 /* ride_checkedin.wav in Resources */,
				F4EEE6E919062B3900A20886 /* 10.png in Resources */,
				F4EEE71219062B3900A20886 /* off.png in Resources */,
				F4EEE70319062B3900A20886 /* 7@2x.png in Resources */,
				F4EEE71119062B3900A20886 /* 50@2x.png in Resources */,
				F47C043E191A022C00F9916E /* from-to-v4@2x.png in Resources */,
				F4EEE71519062B3900A20886 /* percent@2x.png in Resources */,
				F4EEE71719062B3900A20886 /* credit-card@2x.png in Resources */,
				F4EEE6F319062B3900A20886 /* 15.png in Resources */,
				F4EEE6F519062B3900A20886 /* 16.png in Resources */,
				F4EEE70E19062B3900A20886 /* you-are-captain.wav in Resources */,
				F4EEE70119062B3900A20886 /* 6@2x.png in Resources */,
				F4EEE6FD19062B3900A20886 /* 4@2x.png in Resources */,
				F4EEE72A19062B3900A20886 /* tutorial_1.png in Resources */,
				F4EEE71319062B3900A20886 /* off@2x.png in Resources */,
				F4EEE72D19062B3900A20886 /* tutorial_2@2x.png in Resources */,
				F4EEE6F019062B3900A20886 /* 13@2x.png in Resources */,
				F4EEE6EE19062B3900A20886 /* 12@2x.png in Resources */,
				F47C042D1919EAAC00F9916E /* minus_new.png in Resources */,
				F47C04321919EAAC00F9916E /* right_new@2x.png in Resources */,
				F4EEE71019062B3900A20886 /* 50.png in Resources */,
				F4EEE70419062B3900A20886 /* 8.png in Resources */,
				F4EEE72019062B3900A20886 /* receipt.png in Resources */,
				F4EEE71E19062B3900A20886 /* profile.png in Resources */,
				F4EEE71F19062B3900A20886 /* profile@2x.png in Resources */,
				F4EEE70F19062B3900A20886 /* you-are-stowaway.wav in Resources */,
				F4266DD518B5A87900A46BB1 /* VERSION in Resources */,
				F47C04301919EAAC00F9916E /* plus_new@2x.png in Resources */,
				F4EEE72619062B3900A20886 /* find-crew-wood.png in Resources */,
				F4EEE6F919062B3900A20886 /* 2@2x.png in Resources */,
				F4EEE72B19062B3900A20886 /* tutorial_1@2x.png in Resources */,
				F47C043D191A022C00F9916E /* from-to-v4.png in Resources */,
				F4EEE6FE19062B3900A20886 /* 5.png in Resources */,
				F4EEE6EA19062B3900A20886 /* 10@2x.png in Resources */,
				F47C03F4190E207200F9916E /* wood-with-portholes_v3@2x.png in Resources */,
				F4EEE6F819062B3900A20886 /* 2.png in Resources */,
				F4EEE71A19062B3900A20886 /* help.png in Resources */,
				F4EEE72319062B3900A20886 /* reveal-icon@2x.png in Resources */,
				F4EEE73119062B3900A20886 /* tutorial_4@2x.png in Resources */,
				F4D65A5918D547A200FAF3D0 /* LICENCE.txt in Resources */,
				F4EEE6FA19062B3900A20886 /* 3.png in Resources */,
				F47C04311919EAAC00F9916E /* right_new.png in Resources */,
				F4EEE70C19062B3900A20886 /* ride_matched.wav in Resources */,
				F4EEE6F419062B3900A20886 /* 15@2x.png in Resources */,
				F4EEE6F219062B3900A20886 /* 14@2x.png in Resources */,
				F4EEE71419062B3900A20886 /* percent.png in Resources */,
				F4EEE70719062B3900A20886 /* 9@2x.png in Resources */,
				F4EEE70A19062B3900A20886 /* action_required.wav in Resources */,
				68BAFEC3188DDBD3009738A0 /* Main.storyboard in Resources */,
				F4EEE71619062B3900A20886 /* credit-card.png in Resources */,
				F4EEE6F119062B3900A20886 /* 14.png in Resources */,
			);
			runOnlyForDeploymentPostprocessing = 0;
		};
/* End PBXResourcesBuildPhase section */

/* Begin PBXShellScriptBuildPhase section */
		B52D80BA131D40AD977EECAA /* Check Pods Manifest.lock */ = {
			isa = PBXShellScriptBuildPhase;
			buildActionMask = 2147483647;
			files = (
			);
			inputPaths = (
			);
			name = "Check Pods Manifest.lock";
			outputPaths = (
			);
			runOnlyForDeploymentPostprocessing = 0;
			shellPath = /bin/sh;
			shellScript = "diff \"${PODS_ROOT}/../Podfile.lock\" \"${PODS_ROOT}/Manifest.lock\" > /dev/null\nif [[ $? != 0 ]] ; then\n    cat << EOM\nerror: The sandbox is not in sync with the Podfile.lock. Run 'pod install' or update your CocoaPods installation.\nEOM\n    exit 1\nfi\n";
			showEnvVarsInLog = 0;
		};
		EF07BF46B73E4056A41E793C /* Copy Pods Resources */ = {
			isa = PBXShellScriptBuildPhase;
			buildActionMask = 2147483647;
			files = (
			);
			inputPaths = (
			);
			name = "Copy Pods Resources";
			outputPaths = (
			);
			runOnlyForDeploymentPostprocessing = 0;
			shellPath = /bin/sh;
			shellScript = "\"${SRCROOT}/Pods/Pods-resources.sh\"\n";
			showEnvVarsInLog = 0;
		};
/* End PBXShellScriptBuildPhase section */

/* Begin PBXSourcesBuildPhase section */
		68BAFEA8188DDBD3009738A0 /* Sources */ = {
			isa = PBXSourcesBuildPhase;
			buildActionMask = 2147483647;
			files = (
				F4A4EC241900EBB20087D438 /* RideCreditsMenuViewController.m in Sources */,
				F4A4EC1E1900EB690087D438 /* PaymentMenuViewController.m in Sources */,
				F4266D3D18B52D6600A46BB1 /* GoogleAuthenticator.m in Sources */,
				F4D65A5D18D805DE00FAF3D0 /* MeetCrewMapViewManager.m in Sources */,
				F4CB1F6618C31BF200A404D0 /* FindingCrewViewController.m in Sources */,
				F47CB6F118AAF84000FD8FB9 /* GTMHTTPFetcher.m in Sources */,
				F4266DA218B5A87900A46BB1 /* StripeError.m in Sources */,
				F4A4EC211900EB970087D438 /* LinkReceiptsMenuViewController.m in Sources */,
				F4CB1F6018BC634A00A404D0 /* EnterPickupDropOffViewController.m in Sources */,
				F47A5E7618D00E2700182C0C /* MeetCrewViewController.m in Sources */,
				68BAFEC6188DDBD3009738A0 /* LoginViewController.m in Sources */,
				F47CB70918AAF84000FD8FB9 /* GTMOAuth2ViewControllerTouch.m in Sources */,
				F47CB70618AAF84000FD8FB9 /* GTMOAuth2Authentication.m in Sources */,
				F451B6C718B3333400CF59BA /* StowawayConstants.m in Sources */,
				F42773EE18FE353A003AE6AD /* HelpMenuViewController.m in Sources */,
				F460824F18FA434A00E3F059 /* TutorialViewController.m in Sources */,
				F460823118F5142800E3F059 /* SWRevealViewController.m in Sources */,
				F451B6C118B18CE700CF59BA /* StowawayServerCommunicator.m in Sources */,
				68BAFEC0188DDBD3009738A0 /* AppDelegate.m in Sources */,
				F460823418F515DE00E3F059 /* MenuTableViewController.m in Sources */,
				F47CB70718AAF84000FD8FB9 /* GTMOAuth2SignIn.m in Sources */,
				F4266DDC18B5C00300A46BB1 /* PaymentViewController.m in Sources */,
				F4CB1F6918C3214500A404D0 /* CountdownTimer.m in Sources */,
				F4266DA118B5A87900A46BB1 /* Stripe.m in Sources */,
				F4C7B36B18E5CBA900B4D9D8 /* Reachability.m in Sources */,
				F4A4EC1B1900E13E0087D438 /* ProfileMenuViewController.m in Sources */,
				F4266D9F18B5A87900A46BB1 /* STPToken.m in Sources */,
				F4EEE6841904C53F00A20886 /* UberSettingsGuideViewController.m in Sources */,
				F460823C18FA38E200E3F059 /* PageContentViewController.m in Sources */,
				F47CB71F18AB566E00FD8FB9 /* ReceiptEmailViewController.m in Sources */,
				68BAFEBC188DDBD3009738A0 /* main.m in Sources */,
				F4CB1F5818BC4BEC00A404D0 /* TermsAndAgreementsViewController.m in Sources */,
				F4266D9E18B5A87900A46BB1 /* STPCard.m in Sources */,
			);
			runOnlyForDeploymentPostprocessing = 0;
		};
/* End PBXSourcesBuildPhase section */

/* Begin PBXVariantGroup section */
		68BAFEB8188DDBD3009738A0 /* InfoPlist.strings */ = {
			isa = PBXVariantGroup;
			children = (
				68BAFEB9188DDBD3009738A0 /* en */,
			);
			name = InfoPlist.strings;
			sourceTree = "<group>";
		};
		68BAFEC1188DDBD3009738A0 /* Main.storyboard */ = {
			isa = PBXVariantGroup;
			children = (
				68BAFEC2188DDBD3009738A0 /* Base */,
			);
			name = Main.storyboard;
			sourceTree = "<group>";
		};
/* End PBXVariantGroup section */

/* Begin XCBuildConfiguration section */
		68BAFEDC188DDBD3009738A0 /* Debug */ = {
			isa = XCBuildConfiguration;
			buildSettings = {
				ALWAYS_SEARCH_USER_PATHS = NO;
				CLANG_CXX_LANGUAGE_STANDARD = "gnu++0x";
				CLANG_CXX_LIBRARY = "libc++";
				CLANG_ENABLE_MODULES = YES;
				CLANG_ENABLE_OBJC_ARC = YES;
				CLANG_WARN_BOOL_CONVERSION = YES;
				CLANG_WARN_CONSTANT_CONVERSION = YES;
				CLANG_WARN_DIRECT_OBJC_ISA_USAGE = YES_ERROR;
				CLANG_WARN_EMPTY_BODY = YES;
				CLANG_WARN_ENUM_CONVERSION = YES;
				CLANG_WARN_INT_CONVERSION = YES;
				CLANG_WARN_OBJC_ROOT_CLASS = YES_ERROR;
				CLANG_WARN__DUPLICATE_METHOD_MATCH = YES;
				"CODE_SIGN_IDENTITY[sdk=iphoneos*]" = "iPhone Developer";
				COPY_PHASE_STRIP = NO;
				GCC_C_LANGUAGE_STANDARD = gnu99;
				GCC_DYNAMIC_NO_PIC = NO;
				GCC_OPTIMIZATION_LEVEL = 0;
				GCC_PREPROCESSOR_DEFINITIONS = (
					"DEBUG=1",
					"$(inherited)",
				);
				GCC_SYMBOLS_PRIVATE_EXTERN = NO;
				GCC_WARN_64_TO_32_BIT_CONVERSION = YES;
				GCC_WARN_ABOUT_RETURN_TYPE = YES_ERROR;
				GCC_WARN_UNDECLARED_SELECTOR = YES;
				GCC_WARN_UNINITIALIZED_AUTOS = YES;
				GCC_WARN_UNUSED_FUNCTION = YES;
				GCC_WARN_UNUSED_VARIABLE = YES;
				IPHONEOS_DEPLOYMENT_TARGET = 7.0;
				ONLY_ACTIVE_ARCH = YES;
				PRODUCT_NAME = Stowaway;
				SDKROOT = iphoneos;
			};
			name = Debug;
		};
		68BAFEDD188DDBD3009738A0 /* Release */ = {
			isa = XCBuildConfiguration;
			buildSettings = {
				ALWAYS_SEARCH_USER_PATHS = NO;
				CLANG_CXX_LANGUAGE_STANDARD = "gnu++0x";
				CLANG_CXX_LIBRARY = "libc++";
				CLANG_ENABLE_MODULES = YES;
				CLANG_ENABLE_OBJC_ARC = YES;
				CLANG_WARN_BOOL_CONVERSION = YES;
				CLANG_WARN_CONSTANT_CONVERSION = YES;
				CLANG_WARN_DIRECT_OBJC_ISA_USAGE = YES_ERROR;
				CLANG_WARN_EMPTY_BODY = YES;
				CLANG_WARN_ENUM_CONVERSION = YES;
				CLANG_WARN_INT_CONVERSION = YES;
				CLANG_WARN_OBJC_ROOT_CLASS = YES_ERROR;
				CLANG_WARN__DUPLICATE_METHOD_MATCH = YES;
				"CODE_SIGN_IDENTITY[sdk=iphoneos*]" = "iPhone Developer";
				COPY_PHASE_STRIP = YES;
				ENABLE_NS_ASSERTIONS = NO;
				GCC_C_LANGUAGE_STANDARD = gnu99;
				GCC_WARN_64_TO_32_BIT_CONVERSION = YES;
				GCC_WARN_ABOUT_RETURN_TYPE = YES_ERROR;
				GCC_WARN_UNDECLARED_SELECTOR = YES;
				GCC_WARN_UNINITIALIZED_AUTOS = YES;
				GCC_WARN_UNUSED_FUNCTION = YES;
				GCC_WARN_UNUSED_VARIABLE = YES;
				IPHONEOS_DEPLOYMENT_TARGET = 7.0;
				PRODUCT_NAME = Stowaway;
				SDKROOT = iphoneos;
				VALIDATE_PRODUCT = YES;
			};
			name = Release;
		};
		68BAFEDF188DDBD3009738A0 /* Debug */ = {
			isa = XCBuildConfiguration;
			baseConfigurationReference = EBB5AAE28C6C411786386FFA /* Pods.xcconfig */;
			buildSettings = {
				ASSETCATALOG_COMPILER_APPICON_NAME = AppIcon;
				ASSETCATALOG_COMPILER_LAUNCHIMAGE_NAME = LaunchImage;
				CODE_SIGN_IDENTITY = "iPhone Developer";
				"CODE_SIGN_IDENTITY[sdk=iphoneos*]" = "iPhone Developer";
				FRAMEWORK_SEARCH_PATHS = (
					"$(SRCROOT)/otherFrameworks/**",
					"$(inherited)",
				);
				GCC_PRECOMPILE_PREFIX_HEADER = YES;
				GCC_PREFIX_HEADER = "StowAway/StowAway-Prefix.pch";
				INFOPLIST_FILE = "StowAway/StowAway-Info.plist";
				IPHONEOS_DEPLOYMENT_TARGET = 7.0;
				LIBRARY_SEARCH_PATHS = (
					"$(inherited)",
					"$(SRCROOT)/**",
				);
				OTHER_LDFLAGS = "-all_load";
				PRODUCT_NAME = Stowaway;
				PROVISIONING_PROFILE = "";
				WRAPPER_EXTENSION = app;
			};
			name = Debug;
		};
		68BAFEE0188DDBD3009738A0 /* Release */ = {
			isa = XCBuildConfiguration;
			baseConfigurationReference = EBB5AAE28C6C411786386FFA /* Pods.xcconfig */;
			buildSettings = {
				ASSETCATALOG_COMPILER_APPICON_NAME = AppIcon;
				ASSETCATALOG_COMPILER_LAUNCHIMAGE_NAME = LaunchImage;
				CODE_SIGN_IDENTITY = "iPhone Developer";
				"CODE_SIGN_IDENTITY[sdk=iphoneos*]" = "iPhone Developer";
				FRAMEWORK_SEARCH_PATHS = (
					"$(SRCROOT)/otherFrameworks/**",
					"$(inherited)",
				);
				GCC_PRECOMPILE_PREFIX_HEADER = YES;
				GCC_PREFIX_HEADER = "StowAway/StowAway-Prefix.pch";
				INFOPLIST_FILE = "StowAway/StowAway-Info.plist";
				IPHONEOS_DEPLOYMENT_TARGET = 7.0;
				LIBRARY_SEARCH_PATHS = (
					"$(inherited)",
					"$(SRCROOT)/**",
				);
				OTHER_LDFLAGS = "-all_load";
				PRODUCT_NAME = Stowaway;
				PROVISIONING_PROFILE = "";
				WRAPPER_EXTENSION = app;
			};
			name = Release;
		};
/* End XCBuildConfiguration section */

/* Begin XCConfigurationList section */
		68BAFEA7188DDBD3009738A0 /* Build configuration list for PBXProject "Stowaway" */ = {
			isa = XCConfigurationList;
			buildConfigurations = (
				68BAFEDC188DDBD3009738A0 /* Debug */,
				68BAFEDD188DDBD3009738A0 /* Release */,
			);
			defaultConfigurationIsVisible = 0;
			defaultConfigurationName = Release;
		};
		68BAFEDE188DDBD3009738A0 /* Build configuration list for PBXNativeTarget "StowAway" */ = {
			isa = XCConfigurationList;
			buildConfigurations = (
				68BAFEDF188DDBD3009738A0 /* Debug */,
				68BAFEE0188DDBD3009738A0 /* Release */,
			);
			defaultConfigurationIsVisible = 0;
			defaultConfigurationName = Release;
		};
/* End XCConfigurationList section */
	};
	rootObject = 68BAFEA4188DDBD3009738A0 /* Project object */;
}
