// !$*UTF8*$!
{
	archiveVersion = 1;
	classes = {
	};
	objectVersion = 46;
	objects = {

/* Begin PBXBuildFile section */
		0AAC41B03ACA45D2B1CD5BB0 /* libPods.a in Frameworks */ = {isa = PBXBuildFile; fileRef = 347CED1860724CA9AAE54326 /* libPods.a */; };
		68BAFEB0188DDBD3009738A0 /* Foundation.framework in Frameworks */ = {isa = PBXBuildFile; fileRef = 68BAFEAF188DDBD3009738A0 /* Foundation.framework */; };
		68BAFEB2188DDBD3009738A0 /* CoreGraphics.framework in Frameworks */ = {isa = PBXBuildFile; fileRef = 68BAFEB1188DDBD3009738A0 /* CoreGraphics.framework */; };
		68BAFEB4188DDBD3009738A0 /* UIKit.framework in Frameworks */ = {isa = PBXBuildFile; fileRef = 68BAFEB3188DDBD3009738A0 /* UIKit.framework */; };
		68BAFEBA188DDBD3009738A0 /* InfoPlist.strings in Resources */ = {isa = PBXBuildFile; fileRef = 68BAFEB8188DDBD3009738A0 /* InfoPlist.strings */; };
		68BAFEBC188DDBD3009738A0 /* main.m in Sources */ = {isa = PBXBuildFile; fileRef = 68BAFEBB188DDBD3009738A0 /* main.m */; };
		68BAFEC0188DDBD3009738A0 /* AppDelegate.m in Sources */ = {isa = PBXBuildFile; fileRef = 68BAFEBF188DDBD3009738A0 /* AppDelegate.m */; };
		68BAFEC3188DDBD3009738A0 /* Main.storyboard in Resources */ = {isa = PBXBuildFile; fileRef = 68BAFEC1188DDBD3009738A0 /* Main.storyboard */; };
		68BAFEC6188DDBD3009738A0 /* LoginViewController.m in Sources */ = {isa = PBXBuildFile; fileRef = 68BAFEC5188DDBD3009738A0 /* LoginViewController.m */; };
		68BAFEC8188DDBD3009738A0 /* Images.xcassets in Resources */ = {isa = PBXBuildFile; fileRef = 68BAFEC7188DDBD3009738A0 /* Images.xcassets */; };
		68BAFECF188DDBD3009738A0 /* XCTest.framework in Frameworks */ = {isa = PBXBuildFile; fileRef = 68BAFECE188DDBD3009738A0 /* XCTest.framework */; };
		68BAFED0188DDBD3009738A0 /* Foundation.framework in Frameworks */ = {isa = PBXBuildFile; fileRef = 68BAFEAF188DDBD3009738A0 /* Foundation.framework */; };
		68BAFED1188DDBD3009738A0 /* UIKit.framework in Frameworks */ = {isa = PBXBuildFile; fileRef = 68BAFEB3188DDBD3009738A0 /* UIKit.framework */; };
		68BAFED9188DDBD3009738A0 /* InfoPlist.strings in Resources */ = {isa = PBXBuildFile; fileRef = 68BAFED7188DDBD3009738A0 /* InfoPlist.strings */; };
		68BAFEDB188DDBD3009738A0 /* StowAwayTests.m in Sources */ = {isa = PBXBuildFile; fileRef = 68BAFEDA188DDBD3009738A0 /* StowAwayTests.m */; };
		F41D042D18ED25BE00785EA5 /* cross-mark-256.png in Resources */ = {isa = PBXBuildFile; fileRef = F41D042B18ED25BE00785EA5 /* cross-mark-256.png */; };
		F41D043118ED3C4300785EA5 /* check-mark-256.png in Resources */ = {isa = PBXBuildFile; fileRef = F41D043018ED3C4300785EA5 /* check-mark-256.png */; };
		F41D043818EE6C2200785EA5 /* ride_checkedin.wav in Resources */ = {isa = PBXBuildFile; fileRef = F41D043318EE6C2200785EA5 /* ride_checkedin.wav */; };
		F41D043918EE6C2200785EA5 /* ride_matched.wav in Resources */ = {isa = PBXBuildFile; fileRef = F41D043418EE6C2200785EA5 /* ride_matched.wav */; };
		F41D043A18EE6C2200785EA5 /* ride_missed.wav in Resources */ = {isa = PBXBuildFile; fileRef = F41D043518EE6C2200785EA5 /* ride_missed.wav */; };
		F41D043B18EE6C2200785EA5 /* you-are-captain.wav in Resources */ = {isa = PBXBuildFile; fileRef = F41D043618EE6C2200785EA5 /* you-are-captain.wav */; };
		F41D043C18EE6C2200785EA5 /* you-are-stowaway.wav in Resources */ = {isa = PBXBuildFile; fileRef = F41D043718EE6C2200785EA5 /* you-are-stowaway.wav */; };
		F41D043E18F23F1500785EA5 /* action_required.wav in Resources */ = {isa = PBXBuildFile; fileRef = F41D043D18F23F1500785EA5 /* action_required.wav */; };
		F4266D3D18B52D6600A46BB1 /* GoogleAuthenticator.m in Sources */ = {isa = PBXBuildFile; fileRef = F4266D3C18B52D6600A46BB1 /* GoogleAuthenticator.m */; };
		F4266D9E18B5A87900A46BB1 /* STPCard.m in Sources */ = {isa = PBXBuildFile; fileRef = F4266D4118B5A87900A46BB1 /* STPCard.m */; };
		F4266D9F18B5A87900A46BB1 /* STPToken.m in Sources */ = {isa = PBXBuildFile; fileRef = F4266D4318B5A87900A46BB1 /* STPToken.m */; };
		F4266DA118B5A87900A46BB1 /* Stripe.m in Sources */ = {isa = PBXBuildFile; fileRef = F4266D4818B5A87900A46BB1 /* Stripe.m */; };
		F4266DA218B5A87900A46BB1 /* StripeError.m in Sources */ = {isa = PBXBuildFile; fileRef = F4266D4A18B5A87900A46BB1 /* StripeError.m */; };
		F4266DD518B5A87900A46BB1 /* VERSION in Resources */ = {isa = PBXBuildFile; fileRef = F4266D9D18B5A87900A46BB1 /* VERSION */; };
		F4266DDC18B5C00300A46BB1 /* PaymentViewController.m in Sources */ = {isa = PBXBuildFile; fileRef = F4EB918718AA11FD00C57BF2 /* PaymentViewController.m */; };
		F451B6C118B18CE700CF59BA /* StowawayServerCommunicator.m in Sources */ = {isa = PBXBuildFile; fileRef = F451B6C018B18CE700CF59BA /* StowawayServerCommunicator.m */; };
		F451B6C718B3333400CF59BA /* StowawayConstants.m in Sources */ = {isa = PBXBuildFile; fileRef = F451B6C618B3333400CF59BA /* StowawayConstants.m */; };
		F460823118F5142800E3F059 /* SWRevealViewController.m in Sources */ = {isa = PBXBuildFile; fileRef = F460823018F5142800E3F059 /* SWRevealViewController.m */; };
		F460823418F515DE00E3F059 /* MenuTableViewController.m in Sources */ = {isa = PBXBuildFile; fileRef = F460823318F515DE00E3F059 /* MenuTableViewController.m */; };
		F460823818F51ACA00E3F059 /* reveal-icon.png in Resources */ = {isa = PBXBuildFile; fileRef = F460823618F51ACA00E3F059 /* reveal-icon.png */; };
		F460823918F51ACA00E3F059 /* reveal-icon@2x.png in Resources */ = {isa = PBXBuildFile; fileRef = F460823718F51ACA00E3F059 /* reveal-icon@2x.png */; };
		F47A5E7618D00E2700182C0C /* MeetCrewViewController.m in Sources */ = {isa = PBXBuildFile; fileRef = F47A5E7518D00E2700182C0C /* MeetCrewViewController.m */; };
		F47CB6F118AAF84000FD8FB9 /* GTMHTTPFetcher.m in Sources */ = {isa = PBXBuildFile; fileRef = F47CB6C018AAF84000FD8FB9 /* GTMHTTPFetcher.m */; settings = {COMPILER_FLAGS = "-fno-objc-arc"; }; };
		F47CB70618AAF84000FD8FB9 /* GTMOAuth2Authentication.m in Sources */ = {isa = PBXBuildFile; fileRef = F47CB6E818AAF84000FD8FB9 /* GTMOAuth2Authentication.m */; settings = {COMPILER_FLAGS = "-fno-objc-arc"; }; };
		F47CB70718AAF84000FD8FB9 /* GTMOAuth2SignIn.m in Sources */ = {isa = PBXBuildFile; fileRef = F47CB6EA18AAF84000FD8FB9 /* GTMOAuth2SignIn.m */; settings = {COMPILER_FLAGS = "-fno-objc-arc"; }; };
		F47CB70818AAF84000FD8FB9 /* ReleaseNotes.txt in Resources */ = {isa = PBXBuildFile; fileRef = F47CB6EB18AAF84000FD8FB9 /* ReleaseNotes.txt */; };
		F47CB70918AAF84000FD8FB9 /* GTMOAuth2ViewControllerTouch.m in Sources */ = {isa = PBXBuildFile; fileRef = F47CB6EE18AAF84000FD8FB9 /* GTMOAuth2ViewControllerTouch.m */; settings = {COMPILER_FLAGS = "-fno-objc-arc"; }; };
		F47CB70A18AAF84000FD8FB9 /* GTMOAuth2ViewTouch.xib in Resources */ = {isa = PBXBuildFile; fileRef = F47CB6EF18AAF84000FD8FB9 /* GTMOAuth2ViewTouch.xib */; };
		F47CB71F18AB566E00FD8FB9 /* ReceiptEmailViewController.m in Sources */ = {isa = PBXBuildFile; fileRef = F4EB90E718A9EC5900C57BF2 /* ReceiptEmailViewController.m */; };
		F4C7B36B18E5CBA900B4D9D8 /* Reachability.m in Sources */ = {isa = PBXBuildFile; fileRef = F4D65A5818D547A200FAF3D0 /* Reachability.m */; };
		F4CB1F5818BC4BEC00A404D0 /* TermsAndAgreementsViewController.m in Sources */ = {isa = PBXBuildFile; fileRef = F4CB1F5718BC4BEC00A404D0 /* TermsAndAgreementsViewController.m */; };
		F4CB1F5A18BC5BC300A404D0 /* MapKit.framework in Frameworks */ = {isa = PBXBuildFile; fileRef = F4CB1F5918BC5BC300A404D0 /* MapKit.framework */; };
		F4CB1F6018BC634A00A404D0 /* EnterPickupDropOffViewController.m in Sources */ = {isa = PBXBuildFile; fileRef = F4CB1F5F18BC634900A404D0 /* EnterPickupDropOffViewController.m */; };
		F4CB1F6218BC759600A404D0 /* CoreLocation.framework in Frameworks */ = {isa = PBXBuildFile; fileRef = F4CB1F6118BC759600A404D0 /* CoreLocation.framework */; };
		F4CB1F6318BDAEA600A404D0 /* QuartzCore.framework in Frameworks */ = {isa = PBXBuildFile; fileRef = F4EB918418AA11B700C57BF2 /* QuartzCore.framework */; };
		F4CB1F6618C31BF200A404D0 /* FindingCrewViewController.m in Sources */ = {isa = PBXBuildFile; fileRef = F4CB1F6518C31BF200A404D0 /* FindingCrewViewController.m */; };
		F4CB1F6918C3214500A404D0 /* CountdownTimer.m in Sources */ = {isa = PBXBuildFile; fileRef = F4CB1F6818C3214500A404D0 /* CountdownTimer.m */; };
		F4CB1F7B18C5996A00A404D0 /* win_1.png in Resources */ = {isa = PBXBuildFile; fileRef = F4CB1F6B18C5996A00A404D0 /* win_1.png */; };
		F4CB1F7C18C5996A00A404D0 /* win_10.png in Resources */ = {isa = PBXBuildFile; fileRef = F4CB1F6C18C5996A00A404D0 /* win_10.png */; };
		F4CB1F7D18C5996A00A404D0 /* win_11.png in Resources */ = {isa = PBXBuildFile; fileRef = F4CB1F6D18C5996A00A404D0 /* win_11.png */; };
		F4CB1F7E18C5996A00A404D0 /* win_12.png in Resources */ = {isa = PBXBuildFile; fileRef = F4CB1F6E18C5996A00A404D0 /* win_12.png */; };
		F4CB1F7F18C5996A00A404D0 /* win_13.png in Resources */ = {isa = PBXBuildFile; fileRef = F4CB1F6F18C5996A00A404D0 /* win_13.png */; };
		F4CB1F8018C5996A00A404D0 /* win_14.png in Resources */ = {isa = PBXBuildFile; fileRef = F4CB1F7018C5996A00A404D0 /* win_14.png */; };
		F4CB1F8118C5996A00A404D0 /* win_15.png in Resources */ = {isa = PBXBuildFile; fileRef = F4CB1F7118C5996A00A404D0 /* win_15.png */; };
		F4CB1F8218C5996A00A404D0 /* win_16.png in Resources */ = {isa = PBXBuildFile; fileRef = F4CB1F7218C5996A00A404D0 /* win_16.png */; };
		F4CB1F8318C5996A00A404D0 /* win_2.png in Resources */ = {isa = PBXBuildFile; fileRef = F4CB1F7318C5996A00A404D0 /* win_2.png */; };
		F4CB1F8418C5996A00A404D0 /* win_3.png in Resources */ = {isa = PBXBuildFile; fileRef = F4CB1F7418C5996A00A404D0 /* win_3.png */; };
		F4CB1F8518C5996A00A404D0 /* win_4.png in Resources */ = {isa = PBXBuildFile; fileRef = F4CB1F7518C5996A00A404D0 /* win_4.png */; };
		F4CB1F8618C5996A00A404D0 /* win_5.png in Resources */ = {isa = PBXBuildFile; fileRef = F4CB1F7618C5996A00A404D0 /* win_5.png */; };
		F4CB1F8718C5996A00A404D0 /* win_6.png in Resources */ = {isa = PBXBuildFile; fileRef = F4CB1F7718C5996A00A404D0 /* win_6.png */; };
		F4CB1F8818C5996A00A404D0 /* win_7.png in Resources */ = {isa = PBXBuildFile; fileRef = F4CB1F7818C5996A00A404D0 /* win_7.png */; };
		F4CB1F8918C5996A00A404D0 /* win_8.png in Resources */ = {isa = PBXBuildFile; fileRef = F4CB1F7918C5996A00A404D0 /* win_8.png */; };
		F4CB1F8A18C5996A00A404D0 /* win_9.png in Resources */ = {isa = PBXBuildFile; fileRef = F4CB1F7A18C5996A00A404D0 /* win_9.png */; };
		F4CB1FA718C7F35C00A404D0 /* CFNetwork.framework in Frameworks */ = {isa = PBXBuildFile; fileRef = F4CB1FA618C7F35C00A404D0 /* CFNetwork.framework */; };
		F4CB1FA918C7F4BA00A404D0 /* libicucore.dylib in Frameworks */ = {isa = PBXBuildFile; fileRef = F4CB1FA818C7F4BA00A404D0 /* libicucore.dylib */; };
		F4D65A5918D547A200FAF3D0 /* LICENCE.txt in Resources */ = {isa = PBXBuildFile; fileRef = F4D65A5618D547A200FAF3D0 /* LICENCE.txt */; };
		F4D65A5D18D805DE00FAF3D0 /* MeetCrewMapViewManager.m in Sources */ = {isa = PBXBuildFile; fileRef = F4D65A5C18D805DE00FAF3D0 /* MeetCrewMapViewManager.m */; };
		F4EB90E418A8321700C57BF2 /* FacebookSDK.framework in Frameworks */ = {isa = PBXBuildFile; fileRef = F4EB90E218A831DB00C57BF2 /* FacebookSDK.framework */; };
		F4EB920918AAF5D800C57BF2 /* Security.framework in Frameworks */ = {isa = PBXBuildFile; fileRef = F4EB920818AAF5D800C57BF2 /* Security.framework */; };
		F4EB920B18AAF5E000C57BF2 /* SystemConfiguration.framework in Frameworks */ = {isa = PBXBuildFile; fileRef = F4EB920A18AAF5E000C57BF2 /* SystemConfiguration.framework */; };
/* End PBXBuildFile section */

/* Begin PBXContainerItemProxy section */
		68BAFED2188DDBD3009738A0 /* PBXContainerItemProxy */ = {
			isa = PBXContainerItemProxy;
			containerPortal = 68BAFEA4188DDBD3009738A0 /* Project object */;
			proxyType = 1;
			remoteGlobalIDString = 68BAFEAB188DDBD3009738A0;
			remoteInfo = StowAway;
		};
/* End PBXContainerItemProxy section */

/* Begin PBXFileReference section */
		347CED1860724CA9AAE54326 /* libPods.a */ = {isa = PBXFileReference; explicitFileType = archive.ar; includeInIndex = 0; path = libPods.a; sourceTree = BUILT_PRODUCTS_DIR; };
		68BAFEAC188DDBD3009738A0 /* StowAway.app */ = {isa = PBXFileReference; explicitFileType = wrapper.application; includeInIndex = 0; path = StowAway.app; sourceTree = BUILT_PRODUCTS_DIR; };
		68BAFEAF188DDBD3009738A0 /* Foundation.framework */ = {isa = PBXFileReference; lastKnownFileType = wrapper.framework; name = Foundation.framework; path = System/Library/Frameworks/Foundation.framework; sourceTree = SDKROOT; };
		68BAFEB1188DDBD3009738A0 /* CoreGraphics.framework */ = {isa = PBXFileReference; lastKnownFileType = wrapper.framework; name = CoreGraphics.framework; path = System/Library/Frameworks/CoreGraphics.framework; sourceTree = SDKROOT; };
		68BAFEB3188DDBD3009738A0 /* UIKit.framework */ = {isa = PBXFileReference; lastKnownFileType = wrapper.framework; name = UIKit.framework; path = System/Library/Frameworks/UIKit.framework; sourceTree = SDKROOT; };
		68BAFEB7188DDBD3009738A0 /* StowAway-Info.plist */ = {isa = PBXFileReference; lastKnownFileType = text.plist.xml; path = "StowAway-Info.plist"; sourceTree = "<group>"; };
		68BAFEB9188DDBD3009738A0 /* en */ = {isa = PBXFileReference; lastKnownFileType = text.plist.strings; name = en; path = en.lproj/InfoPlist.strings; sourceTree = "<group>"; };
		68BAFEBB188DDBD3009738A0 /* main.m */ = {isa = PBXFileReference; lastKnownFileType = sourcecode.c.objc; path = main.m; sourceTree = "<group>"; };
		68BAFEBD188DDBD3009738A0 /* StowAway-Prefix.pch */ = {isa = PBXFileReference; lastKnownFileType = sourcecode.c.h; path = "StowAway-Prefix.pch"; sourceTree = "<group>"; };
		68BAFEBE188DDBD3009738A0 /* AppDelegate.h */ = {isa = PBXFileReference; lastKnownFileType = sourcecode.c.h; path = AppDelegate.h; sourceTree = "<group>"; };
		68BAFEBF188DDBD3009738A0 /* AppDelegate.m */ = {isa = PBXFileReference; lastKnownFileType = sourcecode.c.objc; path = AppDelegate.m; sourceTree = "<group>"; };
		68BAFEC2188DDBD3009738A0 /* Base */ = {isa = PBXFileReference; lastKnownFileType = file.storyboard; name = Base; path = Base.lproj/Main.storyboard; sourceTree = "<group>"; };
		68BAFEC4188DDBD3009738A0 /* LoginViewController.h */ = {isa = PBXFileReference; lastKnownFileType = sourcecode.c.h; path = LoginViewController.h; sourceTree = "<group>"; };
		68BAFEC5188DDBD3009738A0 /* LoginViewController.m */ = {isa = PBXFileReference; lastKnownFileType = sourcecode.c.objc; path = LoginViewController.m; sourceTree = "<group>"; };
		68BAFEC7188DDBD3009738A0 /* Images.xcassets */ = {isa = PBXFileReference; lastKnownFileType = folder.assetcatalog; path = Images.xcassets; sourceTree = "<group>"; };
		68BAFECD188DDBD3009738A0 /* StowAwayTests.xctest */ = {isa = PBXFileReference; explicitFileType = wrapper.cfbundle; includeInIndex = 0; path = StowAwayTests.xctest; sourceTree = BUILT_PRODUCTS_DIR; };
		68BAFECE188DDBD3009738A0 /* XCTest.framework */ = {isa = PBXFileReference; lastKnownFileType = wrapper.framework; name = XCTest.framework; path = Library/Frameworks/XCTest.framework; sourceTree = DEVELOPER_DIR; };
		68BAFED6188DDBD3009738A0 /* StowAwayTests-Info.plist */ = {isa = PBXFileReference; lastKnownFileType = text.plist.xml; path = "StowAwayTests-Info.plist"; sourceTree = "<group>"; };
		68BAFED8188DDBD3009738A0 /* en */ = {isa = PBXFileReference; lastKnownFileType = text.plist.strings; name = en; path = en.lproj/InfoPlist.strings; sourceTree = "<group>"; };
		68BAFEDA188DDBD3009738A0 /* StowAwayTests.m */ = {isa = PBXFileReference; lastKnownFileType = sourcecode.c.objc; path = StowAwayTests.m; sourceTree = "<group>"; };
		EBB5AAE28C6C411786386FFA /* Pods.xcconfig */ = {isa = PBXFileReference; includeInIndex = 1; lastKnownFileType = text.xcconfig; name = Pods.xcconfig; path = Pods/Pods.xcconfig; sourceTree = "<group>"; };
		F41D042B18ED25BE00785EA5 /* cross-mark-256.png */ = {isa = PBXFileReference; lastKnownFileType = image.png; path = "cross-mark-256.png"; sourceTree = "<group>"; };
		F41D043018ED3C4300785EA5 /* check-mark-256.png */ = {isa = PBXFileReference; lastKnownFileType = image.png; path = "check-mark-256.png"; sourceTree = "<group>"; };
		F41D043318EE6C2200785EA5 /* ride_checkedin.wav */ = {isa = PBXFileReference; lastKnownFileType = audio.wav; path = ride_checkedin.wav; sourceTree = "<group>"; };
		F41D043418EE6C2200785EA5 /* ride_matched.wav */ = {isa = PBXFileReference; lastKnownFileType = audio.wav; path = ride_matched.wav; sourceTree = "<group>"; };
		F41D043518EE6C2200785EA5 /* ride_missed.wav */ = {isa = PBXFileReference; lastKnownFileType = audio.wav; path = ride_missed.wav; sourceTree = "<group>"; };
		F41D043618EE6C2200785EA5 /* you-are-captain.wav */ = {isa = PBXFileReference; lastKnownFileType = audio.wav; path = "you-are-captain.wav"; sourceTree = "<group>"; };
		F41D043718EE6C2200785EA5 /* you-are-stowaway.wav */ = {isa = PBXFileReference; lastKnownFileType = audio.wav; path = "you-are-stowaway.wav"; sourceTree = "<group>"; };
		F41D043D18F23F1500785EA5 /* action_required.wav */ = {isa = PBXFileReference; lastKnownFileType = audio.wav; path = action_required.wav; sourceTree = "<group>"; };
		F4266D3B18B52D6600A46BB1 /* GoogleAuthenticator.h */ = {isa = PBXFileReference; fileEncoding = 4; lastKnownFileType = sourcecode.c.h; path = GoogleAuthenticator.h; sourceTree = "<group>"; };
		F4266D3C18B52D6600A46BB1 /* GoogleAuthenticator.m */ = {isa = PBXFileReference; fileEncoding = 4; lastKnownFileType = sourcecode.c.objc; path = GoogleAuthenticator.m; sourceTree = "<group>"; };
		F4266D4018B5A87800A46BB1 /* STPCard.h */ = {isa = PBXFileReference; fileEncoding = 4; lastKnownFileType = sourcecode.c.h; path = STPCard.h; sourceTree = "<group>"; };
		F4266D4118B5A87900A46BB1 /* STPCard.m */ = {isa = PBXFileReference; fileEncoding = 4; lastKnownFileType = sourcecode.c.objc; path = STPCard.m; sourceTree = "<group>"; };
		F4266D4218B5A87900A46BB1 /* STPToken.h */ = {isa = PBXFileReference; fileEncoding = 4; lastKnownFileType = sourcecode.c.h; path = STPToken.h; sourceTree = "<group>"; };
		F4266D4318B5A87900A46BB1 /* STPToken.m */ = {isa = PBXFileReference; fileEncoding = 4; lastKnownFileType = sourcecode.c.objc; path = STPToken.m; sourceTree = "<group>"; };
		F4266D4618B5A87900A46BB1 /* Stripe-Prefix.pch */ = {isa = PBXFileReference; fileEncoding = 4; lastKnownFileType = sourcecode.c.h; path = "Stripe-Prefix.pch"; sourceTree = "<group>"; };
		F4266D4718B5A87900A46BB1 /* Stripe.h */ = {isa = PBXFileReference; fileEncoding = 4; lastKnownFileType = sourcecode.c.h; path = Stripe.h; sourceTree = "<group>"; };
		F4266D4818B5A87900A46BB1 /* Stripe.m */ = {isa = PBXFileReference; fileEncoding = 4; lastKnownFileType = sourcecode.c.objc; path = Stripe.m; sourceTree = "<group>"; };
		F4266D4918B5A87900A46BB1 /* StripeError.h */ = {isa = PBXFileReference; fileEncoding = 4; lastKnownFileType = sourcecode.c.h; path = StripeError.h; sourceTree = "<group>"; };
		F4266D4A18B5A87900A46BB1 /* StripeError.m */ = {isa = PBXFileReference; fileEncoding = 4; lastKnownFileType = sourcecode.c.objc; path = StripeError.m; sourceTree = "<group>"; };
		F4266D9D18B5A87900A46BB1 /* VERSION */ = {isa = PBXFileReference; fileEncoding = 4; lastKnownFileType = text; path = VERSION; sourceTree = "<group>"; };
		F451B6BF18B18CE700CF59BA /* StowawayServerCommunicator.h */ = {isa = PBXFileReference; fileEncoding = 4; lastKnownFileType = sourcecode.c.h; path = StowawayServerCommunicator.h; sourceTree = "<group>"; };
		F451B6C018B18CE700CF59BA /* StowawayServerCommunicator.m */ = {isa = PBXFileReference; fileEncoding = 4; lastKnownFileType = sourcecode.c.objc; path = StowawayServerCommunicator.m; sourceTree = "<group>"; };
		F451B6C518B3333400CF59BA /* StowawayConstants.h */ = {isa = PBXFileReference; fileEncoding = 4; lastKnownFileType = sourcecode.c.h; path = StowawayConstants.h; sourceTree = "<group>"; };
		F451B6C618B3333400CF59BA /* StowawayConstants.m */ = {isa = PBXFileReference; fileEncoding = 4; lastKnownFileType = sourcecode.c.objc; path = StowawayConstants.m; sourceTree = "<group>"; };
		F460822F18F5142800E3F059 /* SWRevealViewController.h */ = {isa = PBXFileReference; fileEncoding = 4; lastKnownFileType = sourcecode.c.h; path = SWRevealViewController.h; sourceTree = "<group>"; };
		F460823018F5142800E3F059 /* SWRevealViewController.m */ = {isa = PBXFileReference; fileEncoding = 4; lastKnownFileType = sourcecode.c.objc; path = SWRevealViewController.m; sourceTree = "<group>"; };
		F460823218F515DE00E3F059 /* MenuTableViewController.h */ = {isa = PBXFileReference; fileEncoding = 4; lastKnownFileType = sourcecode.c.h; path = MenuTableViewController.h; sourceTree = "<group>"; };
		F460823318F515DE00E3F059 /* MenuTableViewController.m */ = {isa = PBXFileReference; fileEncoding = 4; lastKnownFileType = sourcecode.c.objc; path = MenuTableViewController.m; sourceTree = "<group>"; };
		F460823618F51ACA00E3F059 /* reveal-icon.png */ = {isa = PBXFileReference; lastKnownFileType = image.png; path = "reveal-icon.png"; sourceTree = "<group>"; };
		F460823718F51ACA00E3F059 /* reveal-icon@2x.png */ = {isa = PBXFileReference; lastKnownFileType = image.png; path = "reveal-icon@2x.png"; sourceTree = "<group>"; };
		F47A5E7418D00E2600182C0C /* MeetCrewViewController.h */ = {isa = PBXFileReference; fileEncoding = 4; lastKnownFileType = sourcecode.c.h; path = MeetCrewViewController.h; sourceTree = "<group>"; };
		F47A5E7518D00E2700182C0C /* MeetCrewViewController.m */ = {isa = PBXFileReference; fileEncoding = 4; lastKnownFileType = sourcecode.c.objc; path = MeetCrewViewController.m; sourceTree = "<group>"; };
		F47CB6BF18AAF84000FD8FB9 /* GTMHTTPFetcher.h */ = {isa = PBXFileReference; fileEncoding = 4; lastKnownFileType = sourcecode.c.h; path = GTMHTTPFetcher.h; sourceTree = "<group>"; };
		F47CB6C018AAF84000FD8FB9 /* GTMHTTPFetcher.m */ = {isa = PBXFileReference; fileEncoding = 4; lastKnownFileType = sourcecode.c.objc; path = GTMHTTPFetcher.m; sourceTree = "<group>"; };
		F47CB6E718AAF84000FD8FB9 /* GTMOAuth2Authentication.h */ = {isa = PBXFileReference; fileEncoding = 4; lastKnownFileType = sourcecode.c.h; path = GTMOAuth2Authentication.h; sourceTree = "<group>"; };
		F47CB6E818AAF84000FD8FB9 /* GTMOAuth2Authentication.m */ = {isa = PBXFileReference; fileEncoding = 4; lastKnownFileType = sourcecode.c.objc; path = GTMOAuth2Authentication.m; sourceTree = "<group>"; };
		F47CB6E918AAF84000FD8FB9 /* GTMOAuth2SignIn.h */ = {isa = PBXFileReference; fileEncoding = 4; lastKnownFileType = sourcecode.c.h; path = GTMOAuth2SignIn.h; sourceTree = "<group>"; };
		F47CB6EA18AAF84000FD8FB9 /* GTMOAuth2SignIn.m */ = {isa = PBXFileReference; fileEncoding = 4; lastKnownFileType = sourcecode.c.objc; path = GTMOAuth2SignIn.m; sourceTree = "<group>"; };
		F47CB6EB18AAF84000FD8FB9 /* ReleaseNotes.txt */ = {isa = PBXFileReference; fileEncoding = 4; lastKnownFileType = text; path = ReleaseNotes.txt; sourceTree = "<group>"; };
		F47CB6ED18AAF84000FD8FB9 /* GTMOAuth2ViewControllerTouch.h */ = {isa = PBXFileReference; fileEncoding = 4; lastKnownFileType = sourcecode.c.h; path = GTMOAuth2ViewControllerTouch.h; sourceTree = "<group>"; };
		F47CB6EE18AAF84000FD8FB9 /* GTMOAuth2ViewControllerTouch.m */ = {isa = PBXFileReference; fileEncoding = 4; lastKnownFileType = sourcecode.c.objc; path = GTMOAuth2ViewControllerTouch.m; sourceTree = "<group>"; };
		F47CB6EF18AAF84000FD8FB9 /* GTMOAuth2ViewTouch.xib */ = {isa = PBXFileReference; fileEncoding = 4; lastKnownFileType = file.xib; path = GTMOAuth2ViewTouch.xib; sourceTree = "<group>"; };
		F4CB1F5618BC4BEC00A404D0 /* TermsAndAgreementsViewController.h */ = {isa = PBXFileReference; fileEncoding = 4; lastKnownFileType = sourcecode.c.h; path = TermsAndAgreementsViewController.h; sourceTree = "<group>"; };
		F4CB1F5718BC4BEC00A404D0 /* TermsAndAgreementsViewController.m */ = {isa = PBXFileReference; fileEncoding = 4; lastKnownFileType = sourcecode.c.objc; path = TermsAndAgreementsViewController.m; sourceTree = "<group>"; };
		F4CB1F5918BC5BC300A404D0 /* MapKit.framework */ = {isa = PBXFileReference; lastKnownFileType = wrapper.framework; name = MapKit.framework; path = System/Library/Frameworks/MapKit.framework; sourceTree = SDKROOT; };
		F4CB1F5E18BC634900A404D0 /* EnterPickupDropOffViewController.h */ = {isa = PBXFileReference; fileEncoding = 4; lastKnownFileType = sourcecode.c.h; path = EnterPickupDropOffViewController.h; sourceTree = "<group>"; };
		F4CB1F5F18BC634900A404D0 /* EnterPickupDropOffViewController.m */ = {isa = PBXFileReference; fileEncoding = 4; lastKnownFileType = sourcecode.c.objc; path = EnterPickupDropOffViewController.m; sourceTree = "<group>"; };
		F4CB1F6118BC759600A404D0 /* CoreLocation.framework */ = {isa = PBXFileReference; lastKnownFileType = wrapper.framework; name = CoreLocation.framework; path = System/Library/Frameworks/CoreLocation.framework; sourceTree = SDKROOT; };
		F4CB1F6418C31BF200A404D0 /* FindingCrewViewController.h */ = {isa = PBXFileReference; fileEncoding = 4; lastKnownFileType = sourcecode.c.h; path = FindingCrewViewController.h; sourceTree = "<group>"; };
		F4CB1F6518C31BF200A404D0 /* FindingCrewViewController.m */ = {isa = PBXFileReference; fileEncoding = 4; lastKnownFileType = sourcecode.c.objc; path = FindingCrewViewController.m; sourceTree = "<group>"; };
		F4CB1F6718C3214500A404D0 /* CountdownTimer.h */ = {isa = PBXFileReference; fileEncoding = 4; lastKnownFileType = sourcecode.c.h; path = CountdownTimer.h; sourceTree = "<group>"; };
		F4CB1F6818C3214500A404D0 /* CountdownTimer.m */ = {isa = PBXFileReference; fileEncoding = 4; lastKnownFileType = sourcecode.c.objc; path = CountdownTimer.m; sourceTree = "<group>"; };
		F4CB1F6B18C5996A00A404D0 /* win_1.png */ = {isa = PBXFileReference; lastKnownFileType = image.png; path = win_1.png; sourceTree = "<group>"; };
		F4CB1F6C18C5996A00A404D0 /* win_10.png */ = {isa = PBXFileReference; lastKnownFileType = image.png; path = win_10.png; sourceTree = "<group>"; };
		F4CB1F6D18C5996A00A404D0 /* win_11.png */ = {isa = PBXFileReference; lastKnownFileType = image.png; path = win_11.png; sourceTree = "<group>"; };
		F4CB1F6E18C5996A00A404D0 /* win_12.png */ = {isa = PBXFileReference; lastKnownFileType = image.png; path = win_12.png; sourceTree = "<group>"; };
		F4CB1F6F18C5996A00A404D0 /* win_13.png */ = {isa = PBXFileReference; lastKnownFileType = image.png; path = win_13.png; sourceTree = "<group>"; };
		F4CB1F7018C5996A00A404D0 /* win_14.png */ = {isa = PBXFileReference; lastKnownFileType = image.png; path = win_14.png; sourceTree = "<group>"; };
		F4CB1F7118C5996A00A404D0 /* win_15.png */ = {isa = PBXFileReference; lastKnownFileType = image.png; path = win_15.png; sourceTree = "<group>"; };
		F4CB1F7218C5996A00A404D0 /* win_16.png */ = {isa = PBXFileReference; lastKnownFileType = image.png; path = win_16.png; sourceTree = "<group>"; };
		F4CB1F7318C5996A00A404D0 /* win_2.png */ = {isa = PBXFileReference; lastKnownFileType = image.png; path = win_2.png; sourceTree = "<group>"; };
		F4CB1F7418C5996A00A404D0 /* win_3.png */ = {isa = PBXFileReference; lastKnownFileType = image.png; path = win_3.png; sourceTree = "<group>"; };
		F4CB1F7518C5996A00A404D0 /* win_4.png */ = {isa = PBXFileReference; lastKnownFileType = image.png; path = win_4.png; sourceTree = "<group>"; };
		F4CB1F7618C5996A00A404D0 /* win_5.png */ = {isa = PBXFileReference; lastKnownFileType = image.png; path = win_5.png; sourceTree = "<group>"; };
		F4CB1F7718C5996A00A404D0 /* win_6.png */ = {isa = PBXFileReference; lastKnownFileType = image.png; path = win_6.png; sourceTree = "<group>"; };
		F4CB1F7818C5996A00A404D0 /* win_7.png */ = {isa = PBXFileReference; lastKnownFileType = image.png; path = win_7.png; sourceTree = "<group>"; };
		F4CB1F7918C5996A00A404D0 /* win_8.png */ = {isa = PBXFileReference; lastKnownFileType = image.png; path = win_8.png; sourceTree = "<group>"; };
		F4CB1F7A18C5996A00A404D0 /* win_9.png */ = {isa = PBXFileReference; lastKnownFileType = image.png; path = win_9.png; sourceTree = "<group>"; };
		F4CB1FA618C7F35C00A404D0 /* CFNetwork.framework */ = {isa = PBXFileReference; lastKnownFileType = wrapper.framework; name = CFNetwork.framework; path = System/Library/Frameworks/CFNetwork.framework; sourceTree = SDKROOT; };
		F4CB1FA818C7F4BA00A404D0 /* libicucore.dylib */ = {isa = PBXFileReference; lastKnownFileType = "compiled.mach-o.dylib"; name = libicucore.dylib; path = usr/lib/libicucore.dylib; sourceTree = SDKROOT; };
		F4D65A5618D547A200FAF3D0 /* LICENCE.txt */ = {isa = PBXFileReference; fileEncoding = 4; lastKnownFileType = text; path = LICENCE.txt; sourceTree = "<group>"; };
		F4D65A5718D547A200FAF3D0 /* Reachability.h */ = {isa = PBXFileReference; fileEncoding = 4; lastKnownFileType = sourcecode.c.h; path = Reachability.h; sourceTree = "<group>"; };
		F4D65A5818D547A200FAF3D0 /* Reachability.m */ = {isa = PBXFileReference; fileEncoding = 4; lastKnownFileType = sourcecode.c.objc; path = Reachability.m; sourceTree = "<group>"; };
		F4D65A5B18D805DE00FAF3D0 /* MeetCrewMapViewManager.h */ = {isa = PBXFileReference; fileEncoding = 4; lastKnownFileType = sourcecode.c.h; path = MeetCrewMapViewManager.h; sourceTree = "<group>"; };
		F4D65A5C18D805DE00FAF3D0 /* MeetCrewMapViewManager.m */ = {isa = PBXFileReference; fileEncoding = 4; lastKnownFileType = sourcecode.c.objc; path = MeetCrewMapViewManager.m; sourceTree = "<group>"; };
		F4EB90E218A831DB00C57BF2 /* FacebookSDK.framework */ = {isa = PBXFileReference; lastKnownFileType = wrapper.framework; name = FacebookSDK.framework; path = otherFrameworks/FacebookSDK.framework; sourceTree = SOURCE_ROOT; };
		F4EB90E618A9EC5800C57BF2 /* ReceiptEmailViewController.h */ = {isa = PBXFileReference; fileEncoding = 4; lastKnownFileType = sourcecode.c.h; path = ReceiptEmailViewController.h; sourceTree = "<group>"; };
		F4EB90E718A9EC5900C57BF2 /* ReceiptEmailViewController.m */ = {isa = PBXFileReference; fileEncoding = 4; lastKnownFileType = sourcecode.c.objc; path = ReceiptEmailViewController.m; sourceTree = "<group>"; };
		F4EB918418AA11B700C57BF2 /* QuartzCore.framework */ = {isa = PBXFileReference; lastKnownFileType = wrapper.framework; name = QuartzCore.framework; path = System/Library/Frameworks/QuartzCore.framework; sourceTree = SDKROOT; };
		F4EB918618AA11FD00C57BF2 /* PaymentViewController.h */ = {isa = PBXFileReference; fileEncoding = 4; lastKnownFileType = sourcecode.c.h; path = PaymentViewController.h; sourceTree = "<group>"; };
		F4EB918718AA11FD00C57BF2 /* PaymentViewController.m */ = {isa = PBXFileReference; fileEncoding = 4; lastKnownFileType = sourcecode.c.objc; path = PaymentViewController.m; sourceTree = "<group>"; };
		F4EB920818AAF5D800C57BF2 /* Security.framework */ = {isa = PBXFileReference; lastKnownFileType = wrapper.framework; name = Security.framework; path = System/Library/Frameworks/Security.framework; sourceTree = SDKROOT; };
		F4EB920A18AAF5E000C57BF2 /* SystemConfiguration.framework */ = {isa = PBXFileReference; lastKnownFileType = wrapper.framework; name = SystemConfiguration.framework; path = System/Library/Frameworks/SystemConfiguration.framework; sourceTree = SDKROOT; };
/* End PBXFileReference section */

/* Begin PBXFrameworksBuildPhase section */
		68BAFEA9188DDBD3009738A0 /* Frameworks */ = {
			isa = PBXFrameworksBuildPhase;
			buildActionMask = 2147483647;
			files = (
				F4CB1FA918C7F4BA00A404D0 /* libicucore.dylib in Frameworks */,
				F4CB1FA718C7F35C00A404D0 /* CFNetwork.framework in Frameworks */,
				F4CB1F6318BDAEA600A404D0 /* QuartzCore.framework in Frameworks */,
				F4CB1F6218BC759600A404D0 /* CoreLocation.framework in Frameworks */,
				F4CB1F5A18BC5BC300A404D0 /* MapKit.framework in Frameworks */,
				F4EB920B18AAF5E000C57BF2 /* SystemConfiguration.framework in Frameworks */,
				F4EB920918AAF5D800C57BF2 /* Security.framework in Frameworks */,
				F4EB90E418A8321700C57BF2 /* FacebookSDK.framework in Frameworks */,
				68BAFEB2188DDBD3009738A0 /* CoreGraphics.framework in Frameworks */,
				68BAFEB4188DDBD3009738A0 /* UIKit.framework in Frameworks */,
				68BAFEB0188DDBD3009738A0 /* Foundation.framework in Frameworks */,
				0AAC41B03ACA45D2B1CD5BB0 /* libPods.a in Frameworks */,
			);
			runOnlyForDeploymentPostprocessing = 0;
		};
		68BAFECA188DDBD3009738A0 /* Frameworks */ = {
			isa = PBXFrameworksBuildPhase;
			buildActionMask = 2147483647;
			files = (
				68BAFECF188DDBD3009738A0 /* XCTest.framework in Frameworks */,
				68BAFED1188DDBD3009738A0 /* UIKit.framework in Frameworks */,
				68BAFED0188DDBD3009738A0 /* Foundation.framework in Frameworks */,
			);
			runOnlyForDeploymentPostprocessing = 0;
		};
/* End PBXFrameworksBuildPhase section */

/* Begin PBXGroup section */
		68BAFEA3188DDBD3009738A0 = {
			isa = PBXGroup;
			children = (
				68BAFEB5188DDBD3009738A0 /* StowAway */,
				F4EB90E518A8345C00C57BF2 /* otherFrameworks */,
				68BAFED4188DDBD3009738A0 /* StowAwayTests */,
				68BAFEAE188DDBD3009738A0 /* Frameworks */,
				F41D043218EE6C2200785EA5 /* ios_app_sounds */,
				F460823518F51ACA00E3F059 /* menu_images */,
				F41D042918ED25BE00785EA5 /* auto-checkin badges */,
				F4CB1F6A18C5996A00A404D0 /* findingCrewAnimationImages */,
				68BAFEAD188DDBD3009738A0 /* Products */,
				EBB5AAE28C6C411786386FFA /* Pods.xcconfig */,
			);
			sourceTree = "<group>";
		};
		68BAFEAD188DDBD3009738A0 /* Products */ = {
			isa = PBXGroup;
			children = (
				68BAFEAC188DDBD3009738A0 /* StowAway.app */,
				68BAFECD188DDBD3009738A0 /* StowAwayTests.xctest */,
			);
			name = Products;
			sourceTree = "<group>";
		};
		68BAFEAE188DDBD3009738A0 /* Frameworks */ = {
			isa = PBXGroup;
			children = (
				F4CB1FA818C7F4BA00A404D0 /* libicucore.dylib */,
				F4CB1FA618C7F35C00A404D0 /* CFNetwork.framework */,
				F4CB1F6118BC759600A404D0 /* CoreLocation.framework */,
				F4CB1F5918BC5BC300A404D0 /* MapKit.framework */,
				F4EB920A18AAF5E000C57BF2 /* SystemConfiguration.framework */,
				F4EB920818AAF5D800C57BF2 /* Security.framework */,
				F4EB918418AA11B700C57BF2 /* QuartzCore.framework */,
				68BAFEAF188DDBD3009738A0 /* Foundation.framework */,
				68BAFEB1188DDBD3009738A0 /* CoreGraphics.framework */,
				68BAFEB3188DDBD3009738A0 /* UIKit.framework */,
				68BAFECE188DDBD3009738A0 /* XCTest.framework */,
				347CED1860724CA9AAE54326 /* libPods.a */,
			);
			name = Frameworks;
			sourceTree = "<group>";
		};
		68BAFEB5188DDBD3009738A0 /* StowAway */ = {
			isa = PBXGroup;
			children = (
				F4A7E48D18E7183200B1C482 /* View Controllers */,
				F4A7E48E18E7187F00B1C482 /* Helper Classes */,
				68BAFEBE188DDBD3009738A0 /* AppDelegate.h */,
				68BAFEBF188DDBD3009738A0 /* AppDelegate.m */,
				68BAFEC1188DDBD3009738A0 /* Main.storyboard */,
				68BAFEC7188DDBD3009738A0 /* Images.xcassets */,
				68BAFEB6188DDBD3009738A0 /* Supporting Files */,
			);
			path = StowAway;
			sourceTree = "<group>";
		};
		68BAFEB6188DDBD3009738A0 /* Supporting Files */ = {
			isa = PBXGroup;
			children = (
				68BAFEB7188DDBD3009738A0 /* StowAway-Info.plist */,
				68BAFEB8188DDBD3009738A0 /* InfoPlist.strings */,
				68BAFEBB188DDBD3009738A0 /* main.m */,
				68BAFEBD188DDBD3009738A0 /* StowAway-Prefix.pch */,
			);
			name = "Supporting Files";
			sourceTree = "<group>";
		};
		68BAFED4188DDBD3009738A0 /* StowAwayTests */ = {
			isa = PBXGroup;
			children = (
				68BAFEDA188DDBD3009738A0 /* StowAwayTests.m */,
				68BAFED5188DDBD3009738A0 /* Supporting Files */,
			);
			path = StowAwayTests;
			sourceTree = "<group>";
		};
		68BAFED5188DDBD3009738A0 /* Supporting Files */ = {
			isa = PBXGroup;
			children = (
				68BAFED6188DDBD3009738A0 /* StowAwayTests-Info.plist */,
				68BAFED7188DDBD3009738A0 /* InfoPlist.strings */,
			);
			name = "Supporting Files";
			sourceTree = "<group>";
		};
		F41D042918ED25BE00785EA5 /* auto-checkin badges */ = {
			isa = PBXGroup;
			children = (
				F41D043018ED3C4300785EA5 /* check-mark-256.png */,
				F41D042B18ED25BE00785EA5 /* cross-mark-256.png */,
			);
			path = "auto-checkin badges";
			sourceTree = "<group>";
		};
		F41D043218EE6C2200785EA5 /* ios_app_sounds */ = {
			isa = PBXGroup;
			children = (
				F41D043D18F23F1500785EA5 /* action_required.wav */,
				F41D043318EE6C2200785EA5 /* ride_checkedin.wav */,
				F41D043418EE6C2200785EA5 /* ride_matched.wav */,
				F41D043518EE6C2200785EA5 /* ride_missed.wav */,
				F41D043618EE6C2200785EA5 /* you-are-captain.wav */,
				F41D043718EE6C2200785EA5 /* you-are-stowaway.wav */,
			);
			name = ios_app_sounds;
			path = otherFrameworks/ios_app_sounds;
			sourceTree = "<group>";
		};
		F4266D3F18B5A87800A46BB1 /* Stripe */ = {
			isa = PBXGroup;
			children = (
				F4266D4018B5A87800A46BB1 /* STPCard.h */,
				F4266D4118B5A87900A46BB1 /* STPCard.m */,
				F4266D4218B5A87900A46BB1 /* STPToken.h */,
				F4266D4318B5A87900A46BB1 /* STPToken.m */,
				F4266D4618B5A87900A46BB1 /* Stripe-Prefix.pch */,
				F4266D4718B5A87900A46BB1 /* Stripe.h */,
				F4266D4818B5A87900A46BB1 /* Stripe.m */,
				F4266D4918B5A87900A46BB1 /* StripeError.h */,
				F4266D4A18B5A87900A46BB1 /* StripeError.m */,
				F4266D9D18B5A87900A46BB1 /* VERSION */,
			);
			path = Stripe;
			sourceTree = "<group>";
		};
		F460822E18F5142800E3F059 /* SWRevealViewController */ = {
			isa = PBXGroup;
			children = (
				F460822F18F5142800E3F059 /* SWRevealViewController.h */,
				F460823018F5142800E3F059 /* SWRevealViewController.m */,
			);
			path = SWRevealViewController;
			sourceTree = "<group>";
		};
		F460823518F51ACA00E3F059 /* menu_images */ = {
			isa = PBXGroup;
			children = (
				F460823618F51ACA00E3F059 /* reveal-icon.png */,
				F460823718F51ACA00E3F059 /* reveal-icon@2x.png */,
			);
			path = menu_images;
			sourceTree = "<group>";
		};
		F47CB6B918AAF84000FD8FB9 /* gtm-oauth2 */ = {
			isa = PBXGroup;
			children = (
				F47CB6BC18AAF84000FD8FB9 /* HTTPFetcher */,
				F47CB6E318AAF84000FD8FB9 /* Source */,
			);
			path = "gtm-oauth2";
			sourceTree = "<group>";
		};
		F47CB6BC18AAF84000FD8FB9 /* HTTPFetcher */ = {
			isa = PBXGroup;
			children = (
				F47CB6BF18AAF84000FD8FB9 /* GTMHTTPFetcher.h */,
				F47CB6C018AAF84000FD8FB9 /* GTMHTTPFetcher.m */,
			);
			path = HTTPFetcher;
			sourceTree = "<group>";
		};
		F47CB6E318AAF84000FD8FB9 /* Source */ = {
			isa = PBXGroup;
			children = (
				F47CB6E718AAF84000FD8FB9 /* GTMOAuth2Authentication.h */,
				F47CB6E818AAF84000FD8FB9 /* GTMOAuth2Authentication.m */,
				F47CB6E918AAF84000FD8FB9 /* GTMOAuth2SignIn.h */,
				F47CB6EA18AAF84000FD8FB9 /* GTMOAuth2SignIn.m */,
				F47CB6EB18AAF84000FD8FB9 /* ReleaseNotes.txt */,
				F47CB6EC18AAF84000FD8FB9 /* Touch */,
			);
			path = Source;
			sourceTree = "<group>";
		};
		F47CB6EC18AAF84000FD8FB9 /* Touch */ = {
			isa = PBXGroup;
			children = (
				F47CB6ED18AAF84000FD8FB9 /* GTMOAuth2ViewControllerTouch.h */,
				F47CB6EE18AAF84000FD8FB9 /* GTMOAuth2ViewControllerTouch.m */,
				F47CB6EF18AAF84000FD8FB9 /* GTMOAuth2ViewTouch.xib */,
			);
			path = Touch;
			sourceTree = "<group>";
		};
		F4A7E48D18E7183200B1C482 /* View Controllers */ = {
			isa = PBXGroup;
			children = (
				F4CB1F5618BC4BEC00A404D0 /* TermsAndAgreementsViewController.h */,
				F4CB1F5718BC4BEC00A404D0 /* TermsAndAgreementsViewController.m */,
				F4CB1F5E18BC634900A404D0 /* EnterPickupDropOffViewController.h */,
				F4CB1F5F18BC634900A404D0 /* EnterPickupDropOffViewController.m */,
				F4CB1F6418C31BF200A404D0 /* FindingCrewViewController.h */,
				F4CB1F6518C31BF200A404D0 /* FindingCrewViewController.m */,
				F47A5E7418D00E2600182C0C /* MeetCrewViewController.h */,
				F47A5E7518D00E2700182C0C /* MeetCrewViewController.m */,
				F4EB918618AA11FD00C57BF2 /* PaymentViewController.h */,
				F4EB918718AA11FD00C57BF2 /* PaymentViewController.m */,
				F4EB90E618A9EC5800C57BF2 /* ReceiptEmailViewController.h */,
				F4EB90E718A9EC5900C57BF2 /* ReceiptEmailViewController.m */,
				68BAFEC4188DDBD3009738A0 /* LoginViewController.h */,
				68BAFEC5188DDBD3009738A0 /* LoginViewController.m */,
				F460823218F515DE00E3F059 /* MenuTableViewController.h */,
				F460823318F515DE00E3F059 /* MenuTableViewController.m */,
			);
			name = "View Controllers";
			sourceTree = "<group>";
		};
		F4A7E48E18E7187F00B1C482 /* Helper Classes */ = {
			isa = PBXGroup;
			children = (
				F4266D3B18B52D6600A46BB1 /* GoogleAuthenticator.h */,
				F4266D3C18B52D6600A46BB1 /* GoogleAuthenticator.m */,
				F451B6BF18B18CE700CF59BA /* StowawayServerCommunicator.h */,
				F451B6C018B18CE700CF59BA /* StowawayServerCommunicator.m */,
				F4D65A5B18D805DE00FAF3D0 /* MeetCrewMapViewManager.h */,
				F4D65A5C18D805DE00FAF3D0 /* MeetCrewMapViewManager.m */,
				F4CB1F6718C3214500A404D0 /* CountdownTimer.h */,
				F4CB1F6818C3214500A404D0 /* CountdownTimer.m */,
				F451B6C518B3333400CF59BA /* StowawayConstants.h */,
				F451B6C618B3333400CF59BA /* StowawayConstants.m */,
			);
			name = "Helper Classes";
			sourceTree = "<group>";
		};
		F4CB1F6A18C5996A00A404D0 /* findingCrewAnimationImages */ = {
			isa = PBXGroup;
			children = (
				F4CB1F6B18C5996A00A404D0 /* win_1.png */,
				F4CB1F6C18C5996A00A404D0 /* win_10.png */,
				F4CB1F6D18C5996A00A404D0 /* win_11.png */,
				F4CB1F6E18C5996A00A404D0 /* win_12.png */,
				F4CB1F6F18C5996A00A404D0 /* win_13.png */,
				F4CB1F7018C5996A00A404D0 /* win_14.png */,
				F4CB1F7118C5996A00A404D0 /* win_15.png */,
				F4CB1F7218C5996A00A404D0 /* win_16.png */,
				F4CB1F7318C5996A00A404D0 /* win_2.png */,
				F4CB1F7418C5996A00A404D0 /* win_3.png */,
				F4CB1F7518C5996A00A404D0 /* win_4.png */,
				F4CB1F7618C5996A00A404D0 /* win_5.png */,
				F4CB1F7718C5996A00A404D0 /* win_6.png */,
				F4CB1F7818C5996A00A404D0 /* win_7.png */,
				F4CB1F7918C5996A00A404D0 /* win_8.png */,
				F4CB1F7A18C5996A00A404D0 /* win_9.png */,
			);
			path = findingCrewAnimationImages;
			sourceTree = "<group>";
		};
		F4D65A5518D547A200FAF3D0 /* Reachability */ = {
			isa = PBXGroup;
			children = (
				F4D65A5618D547A200FAF3D0 /* LICENCE.txt */,
				F4D65A5718D547A200FAF3D0 /* Reachability.h */,
				F4D65A5818D547A200FAF3D0 /* Reachability.m */,
			);
			path = Reachability;
			sourceTree = "<group>";
		};
		F4EB90E518A8345C00C57BF2 /* otherFrameworks */ = {
			isa = PBXGroup;
			children = (
				F460822E18F5142800E3F059 /* SWRevealViewController */,
				F4D65A5518D547A200FAF3D0 /* Reachability */,
				F4266D3F18B5A87800A46BB1 /* Stripe */,
				F47CB6B918AAF84000FD8FB9 /* gtm-oauth2 */,
				F4EB90E218A831DB00C57BF2 /* FacebookSDK.framework */,
			);
			path = otherFrameworks;
			sourceTree = SOURCE_ROOT;
		};
/* End PBXGroup section */

/* Begin PBXNativeTarget section */
		68BAFEAB188DDBD3009738A0 /* StowAway */ = {
			isa = PBXNativeTarget;
			buildConfigurationList = 68BAFEDE188DDBD3009738A0 /* Build configuration list for PBXNativeTarget "StowAway" */;
			buildPhases = (
				B52D80BA131D40AD977EECAA /* Check Pods Manifest.lock */,
				68BAFEA8188DDBD3009738A0 /* Sources */,
				68BAFEA9188DDBD3009738A0 /* Frameworks */,
				68BAFEAA188DDBD3009738A0 /* Resources */,
				EF07BF46B73E4056A41E793C /* Copy Pods Resources */,
			);
			buildRules = (
			);
			dependencies = (
			);
			name = StowAway;
			productName = StowAway;
			productReference = 68BAFEAC188DDBD3009738A0 /* StowAway.app */;
			productType = "com.apple.product-type.application";
		};
		68BAFECC188DDBD3009738A0 /* StowAwayTests */ = {
			isa = PBXNativeTarget;
			buildConfigurationList = 68BAFEE1188DDBD3009738A0 /* Build configuration list for PBXNativeTarget "StowAwayTests" */;
			buildPhases = (
				68BAFEC9188DDBD3009738A0 /* Sources */,
				68BAFECA188DDBD3009738A0 /* Frameworks */,
				68BAFECB188DDBD3009738A0 /* Resources */,
			);
			buildRules = (
			);
			dependencies = (
				68BAFED3188DDBD3009738A0 /* PBXTargetDependency */,
			);
			name = StowAwayTests;
			productName = StowAwayTests;
			productReference = 68BAFECD188DDBD3009738A0 /* StowAwayTests.xctest */;
			productType = "com.apple.product-type.bundle.unit-test";
		};
/* End PBXNativeTarget section */

/* Begin PBXProject section */
		68BAFEA4188DDBD3009738A0 /* Project object */ = {
			isa = PBXProject;
			attributes = {
				LastUpgradeCheck = 0500;
				ORGANIZATIONNAME = StowAway;
				TargetAttributes = {
					68BAFEAB188DDBD3009738A0 = {
						DevelopmentTeam = 9CFLNLAQFN;
						SystemCapabilities = {
							com.apple.BackgroundModes = {
								enabled = 1;
							};
						};
					};
					68BAFECC188DDBD3009738A0 = {
						TestTargetID = 68BAFEAB188DDBD3009738A0;
					};
				};
			};
			buildConfigurationList = 68BAFEA7188DDBD3009738A0 /* Build configuration list for PBXProject "StowAway" */;
			compatibilityVersion = "Xcode 3.2";
			developmentRegion = English;
			hasScannedForEncodings = 0;
			knownRegions = (
				en,
				Base,
			);
			mainGroup = 68BAFEA3188DDBD3009738A0;
			productRefGroup = 68BAFEAD188DDBD3009738A0 /* Products */;
			projectDirPath = "";
			projectRoot = "";
			targets = (
				68BAFEAB188DDBD3009738A0 /* StowAway */,
				68BAFECC188DDBD3009738A0 /* StowAwayTests */,
			);
		};
/* End PBXProject section */

/* Begin PBXResourcesBuildPhase section */
		68BAFEAA188DDBD3009738A0 /* Resources */ = {
			isa = PBXResourcesBuildPhase;
			buildActionMask = 2147483647;
			files = (
				F4CB1F8A18C5996A00A404D0 /* win_9.png in Resources */,
				F41D043818EE6C2200785EA5 /* ride_checkedin.wav in Resources */,
				F460823918F51ACA00E3F059 /* reveal-icon@2x.png in Resources */,
				F47CB70A18AAF84000FD8FB9 /* GTMOAuth2ViewTouch.xib in Resources */,
				F4CB1F8318C5996A00A404D0 /* win_2.png in Resources */,
				68BAFEC8188DDBD3009738A0 /* Images.xcassets in Resources */,
				68BAFEBA188DDBD3009738A0 /* InfoPlist.strings in Resources */,
				F4CB1F8618C5996A00A404D0 /* win_5.png in Resources */,
				F4CB1F7C18C5996A00A404D0 /* win_10.png in Resources */,
				F4CB1F7F18C5996A00A404D0 /* win_13.png in Resources */,
				F47CB70818AAF84000FD8FB9 /* ReleaseNotes.txt in Resources */,
				F41D043C18EE6C2200785EA5 /* you-are-stowaway.wav in Resources */,
				F4CB1F7D18C5996A00A404D0 /* win_11.png in Resources */,
				F4266DD518B5A87900A46BB1 /* VERSION in Resources */,
				F4D65A5918D547A200FAF3D0 /* LICENCE.txt in Resources */,
				F4CB1F7E18C5996A00A404D0 /* win_12.png in Resources */,
				F4CB1F8218C5996A00A404D0 /* win_16.png in Resources */,
				F4CB1F8118C5996A00A404D0 /* win_15.png in Resources */,
				F4CB1F8918C5996A00A404D0 /* win_8.png in Resources */,
				F41D043E18F23F1500785EA5 /* action_required.wav in Resources */,
				F4CB1F8418C5996A00A404D0 /* win_3.png in Resources */,
				68BAFEC3188DDBD3009738A0 /* Main.storyboard in Resources */,
				F4CB1F8718C5996A00A404D0 /* win_6.png in Resources */,
				F41D043918EE6C2200785EA5 /* ride_matched.wav in Resources */,
				F460823818F51ACA00E3F059 /* reveal-icon.png in Resources */,
				F41D042D18ED25BE00785EA5 /* cross-mark-256.png in Resources */,
				F4CB1F8818C5996A00A404D0 /* win_7.png in Resources */,
				F41D043B18EE6C2200785EA5 /* you-are-captain.wav in Resources */,
				F4CB1F7B18C5996A00A404D0 /* win_1.png in Resources */,
				F41D043118ED3C4300785EA5 /* check-mark-256.png in Resources */,
				F4CB1F8018C5996A00A404D0 /* win_14.png in Resources */,
				F4CB1F8518C5996A00A404D0 /* win_4.png in Resources */,
				F41D043A18EE6C2200785EA5 /* ride_missed.wav in Resources */,
			);
			runOnlyForDeploymentPostprocessing = 0;
		};
		68BAFECB188DDBD3009738A0 /* Resources */ = {
			isa = PBXResourcesBuildPhase;
			buildActionMask = 2147483647;
			files = (
				68BAFED9188DDBD3009738A0 /* InfoPlist.strings in Resources */,
			);
			runOnlyForDeploymentPostprocessing = 0;
		};
/* End PBXResourcesBuildPhase section */

/* Begin PBXShellScriptBuildPhase section */
		B52D80BA131D40AD977EECAA /* Check Pods Manifest.lock */ = {
			isa = PBXShellScriptBuildPhase;
			buildActionMask = 2147483647;
			files = (
			);
			inputPaths = (
			);
			name = "Check Pods Manifest.lock";
			outputPaths = (
			);
			runOnlyForDeploymentPostprocessing = 0;
			shellPath = /bin/sh;
			shellScript = "diff \"${PODS_ROOT}/../Podfile.lock\" \"${PODS_ROOT}/Manifest.lock\" > /dev/null\nif [[ $? != 0 ]] ; then\n    cat << EOM\nerror: The sandbox is not in sync with the Podfile.lock. Run 'pod install' or update your CocoaPods installation.\nEOM\n    exit 1\nfi\n";
			showEnvVarsInLog = 0;
		};
		EF07BF46B73E4056A41E793C /* Copy Pods Resources */ = {
			isa = PBXShellScriptBuildPhase;
			buildActionMask = 2147483647;
			files = (
			);
			inputPaths = (
			);
			name = "Copy Pods Resources";
			outputPaths = (
			);
			runOnlyForDeploymentPostprocessing = 0;
			shellPath = /bin/sh;
			shellScript = "\"${SRCROOT}/Pods/Pods-resources.sh\"\n";
			showEnvVarsInLog = 0;
		};
/* End PBXShellScriptBuildPhase section */

/* Begin PBXSourcesBuildPhase section */
		68BAFEA8188DDBD3009738A0 /* Sources */ = {
			isa = PBXSourcesBuildPhase;
			buildActionMask = 2147483647;
			files = (
				F4266D3D18B52D6600A46BB1 /* GoogleAuthenticator.m in Sources */,
				F4D65A5D18D805DE00FAF3D0 /* MeetCrewMapViewManager.m in Sources */,
				F4CB1F6618C31BF200A404D0 /* FindingCrewViewController.m in Sources */,
				F47CB6F118AAF84000FD8FB9 /* GTMHTTPFetcher.m in Sources */,
				F4266DA218B5A87900A46BB1 /* StripeError.m in Sources */,
				F4CB1F6018BC634A00A404D0 /* EnterPickupDropOffViewController.m in Sources */,
				F47A5E7618D00E2700182C0C /* MeetCrewViewController.m in Sources */,
				68BAFEC6188DDBD3009738A0 /* LoginViewController.m in Sources */,
				F47CB70918AAF84000FD8FB9 /* GTMOAuth2ViewControllerTouch.m in Sources */,
				F47CB70618AAF84000FD8FB9 /* GTMOAuth2Authentication.m in Sources */,
				F451B6C718B3333400CF59BA /* StowawayConstants.m in Sources */,
				F460823118F5142800E3F059 /* SWRevealViewController.m in Sources */,
				F451B6C118B18CE700CF59BA /* StowawayServerCommunicator.m in Sources */,
				68BAFEC0188DDBD3009738A0 /* AppDelegate.m in Sources */,
				F460823418F515DE00E3F059 /* MenuTableViewController.m in Sources */,
				F47CB70718AAF84000FD8FB9 /* GTMOAuth2SignIn.m in Sources */,
				F4266DDC18B5C00300A46BB1 /* PaymentViewController.m in Sources */,
				F4CB1F6918C3214500A404D0 /* CountdownTimer.m in Sources */,
				F4266DA118B5A87900A46BB1 /* Stripe.m in Sources */,
				F4C7B36B18E5CBA900B4D9D8 /* Reachability.m in Sources */,
				F4266D9F18B5A87900A46BB1 /* STPToken.m in Sources */,
				F47CB71F18AB566E00FD8FB9 /* ReceiptEmailViewController.m in Sources */,
				68BAFEBC188DDBD3009738A0 /* main.m in Sources */,
				F4CB1F5818BC4BEC00A404D0 /* TermsAndAgreementsViewController.m in Sources */,
				F4266D9E18B5A87900A46BB1 /* STPCard.m in Sources */,
			);
			runOnlyForDeploymentPostprocessing = 0;
		};
		68BAFEC9188DDBD3009738A0 /* Sources */ = {
			isa = PBXSourcesBuildPhase;
			buildActionMask = 2147483647;
			files = (
				68BAFEDB188DDBD3009738A0 /* StowAwayTests.m in Sources */,
			);
			runOnlyForDeploymentPostprocessing = 0;
		};
/* End PBXSourcesBuildPhase section */

/* Begin PBXTargetDependency section */
		68BAFED3188DDBD3009738A0 /* PBXTargetDependency */ = {
			isa = PBXTargetDependency;
			target = 68BAFEAB188DDBD3009738A0 /* StowAway */;
			targetProxy = 68BAFED2188DDBD3009738A0 /* PBXContainerItemProxy */;
		};
/* End PBXTargetDependency section */

/* Begin PBXVariantGroup section */
		68BAFEB8188DDBD3009738A0 /* InfoPlist.strings */ = {
			isa = PBXVariantGroup;
			children = (
				68BAFEB9188DDBD3009738A0 /* en */,
			);
			name = InfoPlist.strings;
			sourceTree = "<group>";
		};
		68BAFEC1188DDBD3009738A0 /* Main.storyboard */ = {
			isa = PBXVariantGroup;
			children = (
				68BAFEC2188DDBD3009738A0 /* Base */,
			);
			name = Main.storyboard;
			sourceTree = "<group>";
		};
		68BAFED7188DDBD3009738A0 /* InfoPlist.strings */ = {
			isa = PBXVariantGroup;
			children = (
				68BAFED8188DDBD3009738A0 /* en */,
			);
			name = InfoPlist.strings;
			sourceTree = "<group>";
		};
/* End PBXVariantGroup section */

/* Begin XCBuildConfiguration section */
		68BAFEDC188DDBD3009738A0 /* Debug */ = {
			isa = XCBuildConfiguration;
			buildSettings = {
				ALWAYS_SEARCH_USER_PATHS = NO;
				CLANG_CXX_LANGUAGE_STANDARD = "gnu++0x";
				CLANG_CXX_LIBRARY = "libc++";
				CLANG_ENABLE_MODULES = YES;
				CLANG_ENABLE_OBJC_ARC = YES;
				CLANG_WARN_BOOL_CONVERSION = YES;
				CLANG_WARN_CONSTANT_CONVERSION = YES;
				CLANG_WARN_DIRECT_OBJC_ISA_USAGE = YES_ERROR;
				CLANG_WARN_EMPTY_BODY = YES;
				CLANG_WARN_ENUM_CONVERSION = YES;
				CLANG_WARN_INT_CONVERSION = YES;
				CLANG_WARN_OBJC_ROOT_CLASS = YES_ERROR;
				CLANG_WARN__DUPLICATE_METHOD_MATCH = YES;
				"CODE_SIGN_IDENTITY[sdk=iphoneos*]" = "iPhone Developer";
				COPY_PHASE_STRIP = NO;
				GCC_C_LANGUAGE_STANDARD = gnu99;
				GCC_DYNAMIC_NO_PIC = NO;
				GCC_OPTIMIZATION_LEVEL = 0;
				GCC_PREPROCESSOR_DEFINITIONS = (
					"DEBUG=1",
					"$(inherited)",
				);
				GCC_SYMBOLS_PRIVATE_EXTERN = NO;
				GCC_WARN_64_TO_32_BIT_CONVERSION = YES;
				GCC_WARN_ABOUT_RETURN_TYPE = YES_ERROR;
				GCC_WARN_UNDECLARED_SELECTOR = YES;
				GCC_WARN_UNINITIALIZED_AUTOS = YES;
				GCC_WARN_UNUSED_FUNCTION = YES;
				GCC_WARN_UNUSED_VARIABLE = YES;
				IPHONEOS_DEPLOYMENT_TARGET = 7.0;
				ONLY_ACTIVE_ARCH = YES;
				SDKROOT = iphoneos;
			};
			name = Debug;
		};
		68BAFEDD188DDBD3009738A0 /* Release */ = {
			isa = XCBuildConfiguration;
			buildSettings = {
				ALWAYS_SEARCH_USER_PATHS = NO;
				CLANG_CXX_LANGUAGE_STANDARD = "gnu++0x";
				CLANG_CXX_LIBRARY = "libc++";
				CLANG_ENABLE_MODULES = YES;
				CLANG_ENABLE_OBJC_ARC = YES;
				CLANG_WARN_BOOL_CONVERSION = YES;
				CLANG_WARN_CONSTANT_CONVERSION = YES;
				CLANG_WARN_DIRECT_OBJC_ISA_USAGE = YES_ERROR;
				CLANG_WARN_EMPTY_BODY = YES;
				CLANG_WARN_ENUM_CONVERSION = YES;
				CLANG_WARN_INT_CONVERSION = YES;
				CLANG_WARN_OBJC_ROOT_CLASS = YES_ERROR;
				CLANG_WARN__DUPLICATE_METHOD_MATCH = YES;
				"CODE_SIGN_IDENTITY[sdk=iphoneos*]" = "iPhone Developer";
				COPY_PHASE_STRIP = YES;
				ENABLE_NS_ASSERTIONS = NO;
				GCC_C_LANGUAGE_STANDARD = gnu99;
				GCC_WARN_64_TO_32_BIT_CONVERSION = YES;
				GCC_WARN_ABOUT_RETURN_TYPE = YES_ERROR;
				GCC_WARN_UNDECLARED_SELECTOR = YES;
				GCC_WARN_UNINITIALIZED_AUTOS = YES;
				GCC_WARN_UNUSED_FUNCTION = YES;
				GCC_WARN_UNUSED_VARIABLE = YES;
				IPHONEOS_DEPLOYMENT_TARGET = 7.0;
				SDKROOT = iphoneos;
				VALIDATE_PRODUCT = YES;
			};
			name = Release;
		};
		68BAFEDF188DDBD3009738A0 /* Debug */ = {
			isa = XCBuildConfiguration;
			baseConfigurationReference = EBB5AAE28C6C411786386FFA /* Pods.xcconfig */;
			buildSettings = {
				ASSETCATALOG_COMPILER_APPICON_NAME = AppIcon;
				ASSETCATALOG_COMPILER_LAUNCHIMAGE_NAME = LaunchImage;
				CODE_SIGN_IDENTITY = "iPhone Developer";
				"CODE_SIGN_IDENTITY[sdk=iphoneos*]" = "iPhone Developer";
				FRAMEWORK_SEARCH_PATHS = (
					"$(SRCROOT)/otherFrameworks/**",
					"$(inherited)",
				);
				GCC_PRECOMPILE_PREFIX_HEADER = YES;
				GCC_PREFIX_HEADER = "StowAway/StowAway-Prefix.pch";
				INFOPLIST_FILE = "StowAway/StowAway-Info.plist";
				LIBRARY_SEARCH_PATHS = (
					"$(inherited)",
					"$(SRCROOT)/**",
				);
				OTHER_LDFLAGS = "-all_load";
				PRODUCT_NAME = "$(TARGET_NAME)";
				PROVISIONING_PROFILE = "E6AD4CD4-8EC1-4102-A179-28069474EFE2";
				WRAPPER_EXTENSION = app;
			};
			name = Debug;
		};
		68BAFEE0188DDBD3009738A0 /* Release */ = {
			isa = XCBuildConfiguration;
			baseConfigurationReference = EBB5AAE28C6C411786386FFA /* Pods.xcconfig */;
			buildSettings = {
				ASSETCATALOG_COMPILER_APPICON_NAME = AppIcon;
				ASSETCATALOG_COMPILER_LAUNCHIMAGE_NAME = LaunchImage;
				CODE_SIGN_IDENTITY = "iPhone Developer";
				"CODE_SIGN_IDENTITY[sdk=iphoneos*]" = "iPhone Developer";
				FRAMEWORK_SEARCH_PATHS = (
					"$(SRCROOT)/otherFrameworks/**",
					"$(inherited)",
				);
				GCC_PRECOMPILE_PREFIX_HEADER = YES;
				GCC_PREFIX_HEADER = "StowAway/StowAway-Prefix.pch";
				INFOPLIST_FILE = "StowAway/StowAway-Info.plist";
				LIBRARY_SEARCH_PATHS = (
					"$(inherited)",
					"$(SRCROOT)/**",
				);
				OTHER_LDFLAGS = "-all_load";
				PRODUCT_NAME = "$(TARGET_NAME)";
				PROVISIONING_PROFILE = "E6AD4CD4-8EC1-4102-A179-28069474EFE2";
				WRAPPER_EXTENSION = app;
			};
			name = Release;
		};
		68BAFEE2188DDBD3009738A0 /* Debug */ = {
			isa = XCBuildConfiguration;
			buildSettings = {
				BUNDLE_LOADER = "$(BUILT_PRODUCTS_DIR)/StowAway.app/StowAway";
				FRAMEWORK_SEARCH_PATHS = (
					"$(SDKROOT)/Developer/Library/Frameworks",
					"$(inherited)",
					"$(DEVELOPER_FRAMEWORKS_DIR)",
					/Users/francisfernandes/Documents/FacebookSDK,
				);
				GCC_PRECOMPILE_PREFIX_HEADER = YES;
				GCC_PREFIX_HEADER = "StowAway/StowAway-Prefix.pch";
				GCC_PREPROCESSOR_DEFINITIONS = (
					"DEBUG=1",
					"$(inherited)",
				);
				INFOPLIST_FILE = "StowAwayTests/StowAwayTests-Info.plist";
				PRODUCT_NAME = "$(TARGET_NAME)";
				TEST_HOST = "$(BUNDLE_LOADER)";
				WRAPPER_EXTENSION = xctest;
			};
			name = Debug;
		};
		68BAFEE3188DDBD3009738A0 /* Release */ = {
			isa = XCBuildConfiguration;
			buildSettings = {
				BUNDLE_LOADER = "$(BUILT_PRODUCTS_DIR)/StowAway.app/StowAway";
				FRAMEWORK_SEARCH_PATHS = (
					"$(SDKROOT)/Developer/Library/Frameworks",
					"$(inherited)",
					"$(DEVELOPER_FRAMEWORKS_DIR)",
					/Users/francisfernandes/Documents/FacebookSDK,
				);
				GCC_PRECOMPILE_PREFIX_HEADER = YES;
				GCC_PREFIX_HEADER = "StowAway/StowAway-Prefix.pch";
				INFOPLIST_FILE = "StowAwayTests/StowAwayTests-Info.plist";
				PRODUCT_NAME = "$(TARGET_NAME)";
				TEST_HOST = "$(BUNDLE_LOADER)";
				WRAPPER_EXTENSION = xctest;
			};
			name = Release;
		};
/* End XCBuildConfiguration section */

/* Begin XCConfigurationList section */
		68BAFEA7188DDBD3009738A0 /* Build configuration list for PBXProject "StowAway" */ = {
			isa = XCConfigurationList;
			buildConfigurations = (
				68BAFEDC188DDBD3009738A0 /* Debug */,
				68BAFEDD188DDBD3009738A0 /* Release */,
			);
			defaultConfigurationIsVisible = 0;
			defaultConfigurationName = Release;
		};
		68BAFEDE188DDBD3009738A0 /* Build configuration list for PBXNativeTarget "StowAway" */ = {
			isa = XCConfigurationList;
			buildConfigurations = (
				68BAFEDF188DDBD3009738A0 /* Debug */,
				68BAFEE0188DDBD3009738A0 /* Release */,
			);
			defaultConfigurationIsVisible = 0;
			defaultConfigurationName = Release;
		};
		68BAFEE1188DDBD3009738A0 /* Build configuration list for PBXNativeTarget "StowAwayTests" */ = {
			isa = XCConfigurationList;
			buildConfigurations = (
				68BAFEE2188DDBD3009738A0 /* Debug */,
				68BAFEE3188DDBD3009738A0 /* Release */,
			);
			defaultConfigurationIsVisible = 0;
			defaultConfigurationName = Release;
		};
/* End XCConfigurationList section */
	};
	rootObject = 68BAFEA4188DDBD3009738A0 /* Project object */;
}
